
Microsoft Visual Studio Solution File, Format Version 12.00
# Visual Studio Version 16
VisualStudioVersion = 16.0.31624.102
MinimumVisualStudioVersion = 10.0.40219.1
Project("{9A19103F-16F7-4668-BE54-9A1E7A4F7556}") = "Test", "For Loop\Test.csproj", "{6FA1F569-9F49-4F83-A69F-50418EF12BD5}"
EndProject
Project("{2150E333-8FDC-42A3-9474-1A3956D46DE8}") = "For Loop Lecture", "For Loop Lecture", "{9E80C150-1232-4533-9B85-A36D83B0AB33}"
EndProject
Project("{9A19103F-16F7-4668-BE54-9A1E7A4F7556}") = "1. Numbers from 1 to 100", "1. Numbers from 1 to 100\1. Numbers from 1 to 100.csproj", "{2244D2C4-EC28-4DF8-B4FF-306A07F7DD02}"
EndProject
Project("{9A19103F-16F7-4668-BE54-9A1E7A4F7556}") = "2. Numbers N.1", "2. Numbers N.1\2. Numbers N.1.csproj", "{6C8486B6-C62F-4041-BB20-4334859A478A}"
EndProject
Project("{9A19103F-16F7-4668-BE54-9A1E7A4F7556}") = "3. Numbers 1.N with Step3", "3. Numbers 1.N with Step3\3. Numbers 1.N with Step3.csproj", "{B512A1D4-1230-44F3-8615-F43F711FE6F6}"
EndProject
Project("{9A19103F-16F7-4668-BE54-9A1E7A4F7556}") = "4. Even Powers of 2", "4. Even Powers of 2\4. Even Powers of 2.csproj", "{347D58DB-CF1A-4150-A650-E4999A038019}"
EndProject
Project("{9A19103F-16F7-4668-BE54-9A1E7A4F7556}") = "5. Character Sequence", "5. Character Sequence\5. Character Sequence.csproj", "{7DE3DCDB-B768-462C-B770-8D771C6A217B}"
EndProject
Project("{9A19103F-16F7-4668-BE54-9A1E7A4F7556}") = "6. Vowels Sum", "6. Vowels Sum\6. Vowels Sum.csproj", "{096FBCF9-6057-4C27-A063-F6B0DCBE7A10}"
EndProject
Project("{9A19103F-16F7-4668-BE54-9A1E7A4F7556}") = "7. Sum Numbers", "7. Sum Numbers\7. Sum Numbers.csproj", "{F28CE7EF-68AE-48E9-AFEB-A5C808CC9706}"
EndProject
Project("{9A19103F-16F7-4668-BE54-9A1E7A4F7556}") = "8. Number sequence", "8. Number sequence\8. Number sequence.csproj", "{D2690A12-FF77-44F4-8442-47F72B37CF95}"
EndProject
Project("{9A19103F-16F7-4668-BE54-9A1E7A4F7556}") = "9. Left and Right Sum", "9. Left and Right Sum\9. Left and Right Sum.csproj", "{798A5AC9-0606-421E-97E5-921C5BEB40C7}"
EndProject
Project("{9A19103F-16F7-4668-BE54-9A1E7A4F7556}") = "10. Odd Even Sum", "10. Odd Even Sum\10. Odd Even Sum.csproj", "{649C1B46-919B-492E-94F5-6F2BB1D223F3}"
EndProject
Project("{2150E333-8FDC-42A3-9474-1A3956D46DE8}") = "Exercise", "Exercise", "{BC260808-2F22-439C-86ED-581AEFB1707D}"
EndProject
Project("{9A19103F-16F7-4668-BE54-9A1E7A4F7556}") = "1. Numbers Ending in 7", "1. Numbers Ending in 7\1. Numbers Ending in 7.csproj", "{17C0010B-C1DB-463D-BC51-D292F810B90A}"
EndProject
Project("{9A19103F-16F7-4668-BE54-9A1E7A4F7556}") = "2. Half Sum Element", "2. Half Sum Element\2. Half Sum Element.csproj", "{4AFBC44A-6E11-4B18-9110-72FEF14CC11F}"
EndProject
Project("{9A19103F-16F7-4668-BE54-9A1E7A4F7556}") = "3. Histogram", "3. Histogram\3. Histogram.csproj", "{291068A5-9668-46D7-A445-E943FFC4F919}"
EndProject
Project("{9A19103F-16F7-4668-BE54-9A1E7A4F7556}") = "4. Clever Lily", "4. Clever Lily\4. Clever Lily.csproj", "{6157146D-D486-429A-B341-7D9929075753}"
EndProject
Project("{9A19103F-16F7-4668-BE54-9A1E7A4F7556}") = "5. Salary", "5. Salary\5. Salary.csproj", "{DED8BB5D-B528-4CFF-BC87-3A112222F576}"
EndProject
Project("{9A19103F-16F7-4668-BE54-9A1E7A4F7556}") = "6. Oscars", "6. Oscars\6. Oscars.csproj", "{59851EC8-6799-43EE-B476-5E6E0ED33C9A}"
EndProject
Project("{FAE04EC0-301F-11D3-BF4B-00C04F79EFBC}") = "7. Trekking Mania", "7. Trekking Mania\7. Trekking Mania.csproj", "{29C5934C-4C0F-4C41-AA97-8E53246D8725}"
EndProject
Project("{2150E333-8FDC-42A3-9474-1A3956D46DE8}") = "More Exercises", "More Exercises", "{4F375049-2275-4BC6-A9ED-FFA6EF8AB2A0}"
EndProject
Project("{FAE04EC0-301F-11D3-BF4B-00C04F79EFBC}") = "1. Back To The Past", "1. Back To The Past\1. Back To The Past.csproj", "{2930C9E0-D640-47FC-8E33-3E3572A399FF}"
EndProject
Project("{FAE04EC0-301F-11D3-BF4B-00C04F79EFBC}") = "2. Hospital", "2. Hospital\2. Hospital.csproj", "{C51411EB-EDFA-42E5-AD27-29AFD31E5F8F}"
EndProject
Global
	GlobalSection(SolutionConfigurationPlatforms) = preSolution
		Debug|Any CPU = Debug|Any CPU
		Release|Any CPU = Release|Any CPU
	EndGlobalSection
	GlobalSection(ProjectConfigurationPlatforms) = postSolution
		{6FA1F569-9F49-4F83-A69F-50418EF12BD5}.Debug|Any CPU.ActiveCfg = Debug|Any CPU
		{6FA1F569-9F49-4F83-A69F-50418EF12BD5}.Debug|Any CPU.Build.0 = Debug|Any CPU
		{6FA1F569-9F49-4F83-A69F-50418EF12BD5}.Release|Any CPU.ActiveCfg = Release|Any CPU
		{6FA1F569-9F49-4F83-A69F-50418EF12BD5}.Release|Any CPU.Build.0 = Release|Any CPU
		{2244D2C4-EC28-4DF8-B4FF-306A07F7DD02}.Debug|Any CPU.ActiveCfg = Debug|Any CPU
		{2244D2C4-EC28-4DF8-B4FF-306A07F7DD02}.Debug|Any CPU.Build.0 = Debug|Any CPU
		{2244D2C4-EC28-4DF8-B4FF-306A07F7DD02}.Release|Any CPU.ActiveCfg = Release|Any CPU
		{2244D2C4-EC28-4DF8-B4FF-306A07F7DD02}.Release|Any CPU.Build.0 = Release|Any CPU
		{6C8486B6-C62F-4041-BB20-4334859A478A}.Debug|Any CPU.ActiveCfg = Debug|Any CPU
		{6C8486B6-C62F-4041-BB20-4334859A478A}.Debug|Any CPU.Build.0 = Debug|Any CPU
		{6C8486B6-C62F-4041-BB20-4334859A478A}.Release|Any CPU.ActiveCfg = Release|Any CPU
		{6C8486B6-C62F-4041-BB20-4334859A478A}.Release|Any CPU.Build.0 = Release|Any CPU
		{B512A1D4-1230-44F3-8615-F43F711FE6F6}.Debug|Any CPU.ActiveCfg = Debug|Any CPU
		{B512A1D4-1230-44F3-8615-F43F711FE6F6}.Debug|Any CPU.Build.0 = Debug|Any CPU
		{B512A1D4-1230-44F3-8615-F43F711FE6F6}.Release|Any CPU.ActiveCfg = Release|Any CPU
		{B512A1D4-1230-44F3-8615-F43F711FE6F6}.Release|Any CPU.Build.0 = Release|Any CPU
		{347D58DB-CF1A-4150-A650-E4999A038019}.Debug|Any CPU.ActiveCfg = Debug|Any CPU
		{347D58DB-CF1A-4150-A650-E4999A038019}.Debug|Any CPU.Build.0 = Debug|Any CPU
		{347D58DB-CF1A-4150-A650-E4999A038019}.Release|Any CPU.ActiveCfg = Release|Any CPU
		{347D58DB-CF1A-4150-A650-E4999A038019}.Release|Any CPU.Build.0 = Release|Any CPU
		{7DE3DCDB-B768-462C-B770-8D771C6A217B}.Debug|Any CPU.ActiveCfg = Debug|Any CPU
		{7DE3DCDB-B768-462C-B770-8D771C6A217B}.Debug|Any CPU.Build.0 = Debug|Any CPU
		{7DE3DCDB-B768-462C-B770-8D771C6A217B}.Release|Any CPU.ActiveCfg = Release|Any CPU
		{7DE3DCDB-B768-462C-B770-8D771C6A217B}.Release|Any CPU.Build.0 = Release|Any CPU
		{096FBCF9-6057-4C27-A063-F6B0DCBE7A10}.Debug|Any CPU.ActiveCfg = Debug|Any CPU
		{096FBCF9-6057-4C27-A063-F6B0DCBE7A10}.Debug|Any CPU.Build.0 = Debug|Any CPU
		{096FBCF9-6057-4C27-A063-F6B0DCBE7A10}.Release|Any CPU.ActiveCfg = Release|Any CPU
		{096FBCF9-6057-4C27-A063-F6B0DCBE7A10}.Release|Any CPU.Build.0 = Release|Any CPU
		{F28CE7EF-68AE-48E9-AFEB-A5C808CC9706}.Debug|Any CPU.ActiveCfg = Debug|Any CPU
		{F28CE7EF-68AE-48E9-AFEB-A5C808CC9706}.Debug|Any CPU.Build.0 = Debug|Any CPU
		{F28CE7EF-68AE-48E9-AFEB-A5C808CC9706}.Release|Any CPU.ActiveCfg = Release|Any CPU
		{F28CE7EF-68AE-48E9-AFEB-A5C808CC9706}.Release|Any CPU.Build.0 = Release|Any CPU
		{D2690A12-FF77-44F4-8442-47F72B37CF95}.Debug|Any CPU.ActiveCfg = Debug|Any CPU
		{D2690A12-FF77-44F4-8442-47F72B37CF95}.Debug|Any CPU.Build.0 = Debug|Any CPU
		{D2690A12-FF77-44F4-8442-47F72B37CF95}.Release|Any CPU.ActiveCfg = Release|Any CPU
		{D2690A12-FF77-44F4-8442-47F72B37CF95}.Release|Any CPU.Build.0 = Release|Any CPU
		{798A5AC9-0606-421E-97E5-921C5BEB40C7}.Debug|Any CPU.ActiveCfg = Debug|Any CPU
		{798A5AC9-0606-421E-97E5-921C5BEB40C7}.Debug|Any CPU.Build.0 = Debug|Any CPU
		{798A5AC9-0606-421E-97E5-921C5BEB40C7}.Release|Any CPU.ActiveCfg = Release|Any CPU
		{798A5AC9-0606-421E-97E5-921C5BEB40C7}.Release|Any CPU.Build.0 = Release|Any CPU
		{649C1B46-919B-492E-94F5-6F2BB1D223F3}.Debug|Any CPU.ActiveCfg = Debug|Any CPU
		{649C1B46-919B-492E-94F5-6F2BB1D223F3}.Debug|Any CPU.Build.0 = Debug|Any CPU
		{649C1B46-919B-492E-94F5-6F2BB1D223F3}.Release|Any CPU.ActiveCfg = Release|Any CPU
		{649C1B46-919B-492E-94F5-6F2BB1D223F3}.Release|Any CPU.Build.0 = Release|Any CPU
		{17C0010B-C1DB-463D-BC51-D292F810B90A}.Debug|Any CPU.ActiveCfg = Debug|Any CPU
		{17C0010B-C1DB-463D-BC51-D292F810B90A}.Debug|Any CPU.Build.0 = Debug|Any CPU
		{17C0010B-C1DB-463D-BC51-D292F810B90A}.Release|Any CPU.ActiveCfg = Release|Any CPU
		{17C0010B-C1DB-463D-BC51-D292F810B90A}.Release|Any CPU.Build.0 = Release|Any CPU
		{4AFBC44A-6E11-4B18-9110-72FEF14CC11F}.Debug|Any CPU.ActiveCfg = Debug|Any CPU
		{4AFBC44A-6E11-4B18-9110-72FEF14CC11F}.Debug|Any CPU.Build.0 = Debug|Any CPU
		{4AFBC44A-6E11-4B18-9110-72FEF14CC11F}.Release|Any CPU.ActiveCfg = Release|Any CPU
		{4AFBC44A-6E11-4B18-9110-72FEF14CC11F}.Release|Any CPU.Build.0 = Release|Any CPU
		{291068A5-9668-46D7-A445-E943FFC4F919}.Debug|Any CPU.ActiveCfg = Debug|Any CPU
		{291068A5-9668-46D7-A445-E943FFC4F919}.Debug|Any CPU.Build.0 = Debug|Any CPU
		{291068A5-9668-46D7-A445-E943FFC4F919}.Release|Any CPU.ActiveCfg = Release|Any CPU
		{291068A5-9668-46D7-A445-E943FFC4F919}.Release|Any CPU.Build.0 = Release|Any CPU
		{6157146D-D486-429A-B341-7D9929075753}.Debug|Any CPU.ActiveCfg = Debug|Any CPU
		{6157146D-D486-429A-B341-7D9929075753}.Debug|Any CPU.Build.0 = Debug|Any CPU
		{6157146D-D486-429A-B341-7D9929075753}.Release|Any CPU.ActiveCfg = Release|Any CPU
		{6157146D-D486-429A-B341-7D9929075753}.Release|Any CPU.Build.0 = Release|Any CPU
		{DED8BB5D-B528-4CFF-BC87-3A112222F576}.Debug|Any CPU.ActiveCfg = Debug|Any CPU
		{DED8BB5D-B528-4CFF-BC87-3A112222F576}.Debug|Any CPU.Build.0 = Debug|Any CPU
		{DED8BB5D-B528-4CFF-BC87-3A112222F576}.Release|Any CPU.ActiveCfg = Release|Any CPU
		{DED8BB5D-B528-4CFF-BC87-3A112222F576}.Release|Any CPU.Build.0 = Release|Any CPU
		{59851EC8-6799-43EE-B476-5E6E0ED33C9A}.Debug|Any CPU.ActiveCfg = Debug|Any CPU
		{59851EC8-6799-43EE-B476-5E6E0ED33C9A}.Debug|Any CPU.Build.0 = Debug|Any CPU
		{59851EC8-6799-43EE-B476-5E6E0ED33C9A}.Release|Any CPU.ActiveCfg = Release|Any CPU
		{59851EC8-6799-43EE-B476-5E6E0ED33C9A}.Release|Any CPU.Build.0 = Release|Any CPU
		{29C5934C-4C0F-4C41-AA97-8E53246D8725}.Debug|Any CPU.ActiveCfg = Debug|Any CPU
		{29C5934C-4C0F-4C41-AA97-8E53246D8725}.Debug|Any CPU.Build.0 = Debug|Any CPU
		{29C5934C-4C0F-4C41-AA97-8E53246D8725}.Release|Any CPU.ActiveCfg = Release|Any CPU
		{29C5934C-4C0F-4C41-AA97-8E53246D8725}.Release|Any CPU.Build.0 = Release|Any CPU
		{2930C9E0-D640-47FC-8E33-3E3572A399FF}.Debug|Any CPU.ActiveCfg = Debug|Any CPU
		{2930C9E0-D640-47FC-8E33-3E3572A399FF}.Debug|Any CPU.Build.0 = Debug|Any CPU
		{2930C9E0-D640-47FC-8E33-3E3572A399FF}.Release|Any CPU.ActiveCfg = Release|Any CPU
		{2930C9E0-D640-47FC-8E33-3E3572A399FF}.Release|Any CPU.Build.0 = Release|Any CPU
		{C51411EB-EDFA-42E5-AD27-29AFD31E5F8F}.Debug|Any CPU.ActiveCfg = Debug|Any CPU
		{C51411EB-EDFA-42E5-AD27-29AFD31E5F8F}.Debug|Any CPU.Build.0 = Debug|Any CPU
		{C51411EB-EDFA-42E5-AD27-29AFD31E5F8F}.Release|Any CPU.ActiveCfg = Release|Any CPU
		{C51411EB-EDFA-42E5-AD27-29AFD31E5F8F}.Release|Any CPU.Build.0 = Release|Any CPU
	EndGlobalSection
	GlobalSection(SolutionProperties) = preSolution
		HideSolutionNode = FALSE
	EndGlobalSection
	GlobalSection(NestedProjects) = preSolution
		{2244D2C4-EC28-4DF8-B4FF-306A07F7DD02} = {9E80C150-1232-4533-9B85-A36D83B0AB33}
		{6C8486B6-C62F-4041-BB20-4334859A478A} = {9E80C150-1232-4533-9B85-A36D83B0AB33}
		{B512A1D4-1230-44F3-8615-F43F711FE6F6} = {9E80C150-1232-4533-9B85-A36D83B0AB33}
		{347D58DB-CF1A-4150-A650-E4999A038019} = {9E80C150-1232-4533-9B85-A36D83B0AB33}
		{7DE3DCDB-B768-462C-B770-8D771C6A217B} = {9E80C150-1232-4533-9B85-A36D83B0AB33}
		{096FBCF9-6057-4C27-A063-F6B0DCBE7A10} = {9E80C150-1232-4533-9B85-A36D83B0AB33}
		{F28CE7EF-68AE-48E9-AFEB-A5C808CC9706} = {9E80C150-1232-4533-9B85-A36D83B0AB33}
		{D2690A12-FF77-44F4-8442-47F72B37CF95} = {9E80C150-1232-4533-9B85-A36D83B0AB33}
		{798A5AC9-0606-421E-97E5-921C5BEB40C7} = {9E80C150-1232-4533-9B85-A36D83B0AB33}
		{649C1B46-919B-492E-94F5-6F2BB1D223F3} = {9E80C150-1232-4533-9B85-A36D83B0AB33}
		{17C0010B-C1DB-463D-BC51-D292F810B90A} = {BC260808-2F22-439C-86ED-581AEFB1707D}
		{4AFBC44A-6E11-4B18-9110-72FEF14CC11F} = {BC260808-2F22-439C-86ED-581AEFB1707D}
		{291068A5-9668-46D7-A445-E943FFC4F919} = {BC260808-2F22-439C-86ED-581AEFB1707D}
		{6157146D-D486-429A-B341-7D9929075753} = {BC260808-2F22-439C-86ED-581AEFB1707D}
		{DED8BB5D-B528-4CFF-BC87-3A112222F576} = {BC260808-2F22-439C-86ED-581AEFB1707D}
		{59851EC8-6799-43EE-B476-5E6E0ED33C9A} = {BC260808-2F22-439C-86ED-581AEFB1707D}
		{29C5934C-4C0F-4C41-AA97-8E53246D8725} = {BC260808-2F22-439C-86ED-581AEFB1707D}
		{2930C9E0-D640-47FC-8E33-3E3572A399FF} = {4F375049-2275-4BC6-A9ED-FFA6EF8AB2A0}
		{C51411EB-EDFA-42E5-AD27-29AFD31E5F8F} = {4F375049-2275-4BC6-A9ED-FFA6EF8AB2A0}
	EndGlobalSection
	GlobalSection(ExtensibilityGlobals) = postSolution
		SolutionGuid = {4BDFFF24-6721-4562-B709-F60751980A41}
	EndGlobalSection
EndGlobal
