
Microsoft Visual Studio Solution File, Format Version 12.00
# Visual Studio Version 16
VisualStudioVersion = 16.0.31624.102
MinimumVisualStudioVersion = 10.0.40219.1
Project("{9A19103F-16F7-4668-BE54-9A1E7A4F7556}") = "1.HelloSoftuni", "HelloWorld\1.HelloSoftuni.csproj", "{B79C6538-3C37-4FD6-937D-0F4A5F2FDB25}"
EndProject
Project("{9A19103F-16F7-4668-BE54-9A1E7A4F7556}") = "3.RectangleArea", "RectangleArea\3.RectangleArea.csproj", "{7350C777-D43C-4BC0-B846-84036E5BC50C}"
EndProject
Project("{9A19103F-16F7-4668-BE54-9A1E7A4F7556}") = "1.WriteLine", "Test\1.WriteLine.csproj", "{8FD2C459-C642-49BE-A5E1-F7BC56698A50}"
EndProject
Project("{9A19103F-16F7-4668-BE54-9A1E7A4F7556}") = "Test", "Test2\Test.csproj", "{0890F6CC-90E3-42A0-82D3-8044712BE9BE}"
EndProject
Project("{9A19103F-16F7-4668-BE54-9A1E7A4F7556}") = "4.InchesToCentimeters", "TestConsole\4.InchesToCentimeters.csproj", "{BA1B6044-54DA-491E-AC7C-2BF1BE60EAE3}"
EndProject
Project("{9A19103F-16F7-4668-BE54-9A1E7A4F7556}") = "8.PetShop", "08. PetShop\8.PetShop.csproj", "{FB1F2BEF-056D-49B2-BBAE-6796FA3409C1}"
EndProject
Project("{9A19103F-16F7-4668-BE54-9A1E7A4F7556}") = "9.YardGreening", "9.YardGreening\9.YardGreening.csproj", "{AC89B324-7E52-4CB2-8884-12981B3223A1}"
EndProject
Project("{2150E333-8FDC-42A3-9474-1A3956D46DE8}") = "Lab", "Lab", "{86EA3C4D-58C2-43D3-9EC2-3EDCD4E4C96D}"
EndProject
Project("{2150E333-8FDC-42A3-9474-1A3956D46DE8}") = "Exercise", "Exercise", "{6A55B829-83B9-45A3-9EE3-36365EC359EC}"
EndProject
Project("{9A19103F-16F7-4668-BE54-9A1E7A4F7556}") = "1.USDtoBGN", "1.USDtoBGN\1.USDtoBGN.csproj", "{D224066F-0A15-4776-B18E-9D673F1C09B6}"
EndProject
Project("{9A19103F-16F7-4668-BE54-9A1E7A4F7556}") = "5.GreetingByName", "5.GreetingByName\5.GreetingByName.csproj", "{38ABF4A9-9BBF-4C25-B9C8-7D90149311F1}"
EndProject
Project("{9A19103F-16F7-4668-BE54-9A1E7A4F7556}") = "6.Concatenate Data", "6.Concatenate Data\6.Concatenate Data.csproj", "{68EEC44C-27CD-4C74-9B25-8D1D10EF9608}"
EndProject
Project("{9A19103F-16F7-4668-BE54-9A1E7A4F7556}") = "7. ProjectsCreation", "7. ProjectsCreation\7. ProjectsCreation.csproj", "{0E4ED34F-49D9-4DD9-8CA5-CDDDE44FB68A}"
EndProject
Project("{9A19103F-16F7-4668-BE54-9A1E7A4F7556}") = "2.RadianstoDegrees", "2.RadianstoDegrees\2.RadianstoDegrees.csproj", "{75763269-8063-4DD9-9E60-91BD4C1146B0}"
EndProject
Project("{9A19103F-16F7-4668-BE54-9A1E7A4F7556}") = "3.DepositCalculator", "3.DepositCalculator\3.DepositCalculator.csproj", "{E74F23CB-574D-41B3-A6C3-046AA78904CB}"
EndProject
Project("{9A19103F-16F7-4668-BE54-9A1E7A4F7556}") = "4.VacationBooksList", "4.VacationBooksList\4.VacationBooksList.csproj", "{BF56B667-DB6B-4C9F-A37A-5660930F917A}"
EndProject
Project("{9A19103F-16F7-4668-BE54-9A1E7A4F7556}") = "5.SuppliesForSchool", "5.SuppliesForSchool\5.SuppliesForSchool.csproj", "{3C27BF6D-4468-4DB0-A098-57BCB21B5010}"
EndProject
Project("{9A19103F-16F7-4668-BE54-9A1E7A4F7556}") = "6.Repainting", "6.Repainting\6.Repainting.csproj", "{CD0D620A-6DD8-4436-8F64-0258F226A313}"
EndProject
Project("{9A19103F-16F7-4668-BE54-9A1E7A4F7556}") = "7.FoodDelivery", "7.FoodDelivery\7.FoodDelivery.csproj", "{C028E249-D800-4348-9FDE-423D6891F750}"
EndProject
Project("{9A19103F-16F7-4668-BE54-9A1E7A4F7556}") = "8.BasketballEquipment", "8.BasketballEquipment\8.BasketballEquipment.csproj", "{0143E2CA-87A1-4E10-B0C1-48DC6DDDC5C3}"
EndProject
Project("{9A19103F-16F7-4668-BE54-9A1E7A4F7556}") = "9.FishTank", "9.FishTank\9.FishTank.csproj", "{6F1BA5CD-FE27-4404-8C19-F0977D138757}"
EndProject
Project("{2150E333-8FDC-42A3-9474-1A3956D46DE8}") = "Extra", "Extra", "{1258EBF2-D7CE-4DDD-AC2C-AC3D231A7129}"
EndProject
Project("{9A19103F-16F7-4668-BE54-9A1E7A4F7556}") = "1.TrapeziodArea", "1\1.TrapeziodArea.csproj", "{8FF7008C-AC16-41FC-A3CE-14261D4AA456}"
EndProject
Project("{9A19103F-16F7-4668-BE54-9A1E7A4F7556}") = "2.NumbersFrom1To10", "2.NumbersFrom1To10\2.NumbersFrom1To10.csproj", "{48E1B1A7-3F6F-484B-9345-81A15B2000BC}"
EndProject
Project("{9A19103F-16F7-4668-BE54-9A1E7A4F7556}") = "2.TriangleArea", "2.TriangleArea\2.TriangleArea.csproj", "{EE0EBB0E-CF21-4C82-A63E-2C47702B3C44}"
EndProject
Project("{9A19103F-16F7-4668-BE54-9A1E7A4F7556}") = "3.CelsiusToFahrenheit", "3.CelsiusToFahrenheit\3.CelsiusToFahrenheit.csproj", "{EBE67F2E-6E89-431A-A7E0-5FD6381CFBDB}"
EndProject
Project("{9A19103F-16F7-4668-BE54-9A1E7A4F7556}") = "4.VegetableMarket", "4.VegetableMarket\4.VegetableMarket.csproj", "{EE68A48B-C6BB-411B-ADEB-7049C96A8A6E}"
EndProject
Project("{9A19103F-16F7-4668-BE54-9A1E7A4F7556}") = "5.TrainingLab", "5.TrainingLab\5.TrainingLab.csproj", "{FE9C4F40-3874-42E6-B9BB-FA37533BCB7F}"
EndProject
Project("{9A19103F-16F7-4668-BE54-9A1E7A4F7556}") = "6.Fishland", "6.Fishland\6.Fishland.csproj", "{0B13C5C0-604D-4AFA-BB3E-7FBF6BFA42B1}"
EndProject
Project("{9A19103F-16F7-4668-BE54-9A1E7A4F7556}") = "7.HousePainting", "7.HousePainting\7.HousePainting.csproj", "{A4C8D00E-AC4D-4B9F-A186-B655FEBCF0AC}"
EndProject
Project("{9A19103F-16F7-4668-BE54-9A1E7A4F7556}") = "8.CircleAreaAndPerimeter", "8.CircleAreaAndPerimeter\8.CircleAreaAndPerimeter.csproj", "{04B673EF-83BD-40FE-9C11-5D75834011B4}"
EndProject
Project("{9A19103F-16F7-4668-BE54-9A1E7A4F7556}") = "9.WeatherForecast", "9.WeatherForecast\9.WeatherForecast.csproj", "{0D8E3239-E31D-4922-A3D9-B50321995DBE}"
EndProject
Project("{9A19103F-16F7-4668-BE54-9A1E7A4F7556}") = "10. WeatherForecast - Part 2", "10. WeatherForecast - Part 2\10. WeatherForecast - Part 2.csproj", "{94CD410C-D894-4092-A6D4-95A9B0344BD6}"
EndProject
Project("{FAE04EC0-301F-11D3-BF4B-00C04F79EFBC}") = "ConsoleApp1", "ConsoleApp1\ConsoleApp1.csproj", "{DEE75045-8482-4510-B1E2-48A67EE1E08D}"
EndProject
Global
	GlobalSection(SolutionConfigurationPlatforms) = preSolution
		Debug|Any CPU = Debug|Any CPU
		Release|Any CPU = Release|Any CPU
	EndGlobalSection
	GlobalSection(ProjectConfigurationPlatforms) = postSolution
		{B79C6538-3C37-4FD6-937D-0F4A5F2FDB25}.Debug|Any CPU.ActiveCfg = Debug|Any CPU
		{B79C6538-3C37-4FD6-937D-0F4A5F2FDB25}.Debug|Any CPU.Build.0 = Debug|Any CPU
		{B79C6538-3C37-4FD6-937D-0F4A5F2FDB25}.Release|Any CPU.ActiveCfg = Release|Any CPU
		{B79C6538-3C37-4FD6-937D-0F4A5F2FDB25}.Release|Any CPU.Build.0 = Release|Any CPU
		{7350C777-D43C-4BC0-B846-84036E5BC50C}.Debug|Any CPU.ActiveCfg = Debug|Any CPU
		{7350C777-D43C-4BC0-B846-84036E5BC50C}.Debug|Any CPU.Build.0 = Debug|Any CPU
		{7350C777-D43C-4BC0-B846-84036E5BC50C}.Release|Any CPU.ActiveCfg = Release|Any CPU
		{7350C777-D43C-4BC0-B846-84036E5BC50C}.Release|Any CPU.Build.0 = Release|Any CPU
		{8FD2C459-C642-49BE-A5E1-F7BC56698A50}.Debug|Any CPU.ActiveCfg = Debug|Any CPU
		{8FD2C459-C642-49BE-A5E1-F7BC56698A50}.Debug|Any CPU.Build.0 = Debug|Any CPU
		{8FD2C459-C642-49BE-A5E1-F7BC56698A50}.Release|Any CPU.ActiveCfg = Release|Any CPU
		{8FD2C459-C642-49BE-A5E1-F7BC56698A50}.Release|Any CPU.Build.0 = Release|Any CPU
		{0890F6CC-90E3-42A0-82D3-8044712BE9BE}.Debug|Any CPU.ActiveCfg = Debug|Any CPU
		{0890F6CC-90E3-42A0-82D3-8044712BE9BE}.Debug|Any CPU.Build.0 = Debug|Any CPU
		{0890F6CC-90E3-42A0-82D3-8044712BE9BE}.Release|Any CPU.ActiveCfg = Release|Any CPU
		{0890F6CC-90E3-42A0-82D3-8044712BE9BE}.Release|Any CPU.Build.0 = Release|Any CPU
		{BA1B6044-54DA-491E-AC7C-2BF1BE60EAE3}.Debug|Any CPU.ActiveCfg = Debug|Any CPU
		{BA1B6044-54DA-491E-AC7C-2BF1BE60EAE3}.Debug|Any CPU.Build.0 = Debug|Any CPU
		{BA1B6044-54DA-491E-AC7C-2BF1BE60EAE3}.Release|Any CPU.ActiveCfg = Release|Any CPU
		{BA1B6044-54DA-491E-AC7C-2BF1BE60EAE3}.Release|Any CPU.Build.0 = Release|Any CPU
		{FB1F2BEF-056D-49B2-BBAE-6796FA3409C1}.Debug|Any CPU.ActiveCfg = Debug|Any CPU
		{FB1F2BEF-056D-49B2-BBAE-6796FA3409C1}.Debug|Any CPU.Build.0 = Debug|Any CPU
		{FB1F2BEF-056D-49B2-BBAE-6796FA3409C1}.Release|Any CPU.ActiveCfg = Release|Any CPU
		{FB1F2BEF-056D-49B2-BBAE-6796FA3409C1}.Release|Any CPU.Build.0 = Release|Any CPU
		{AC89B324-7E52-4CB2-8884-12981B3223A1}.Debug|Any CPU.ActiveCfg = Debug|Any CPU
		{AC89B324-7E52-4CB2-8884-12981B3223A1}.Debug|Any CPU.Build.0 = Debug|Any CPU
		{AC89B324-7E52-4CB2-8884-12981B3223A1}.Release|Any CPU.ActiveCfg = Release|Any CPU
		{AC89B324-7E52-4CB2-8884-12981B3223A1}.Release|Any CPU.Build.0 = Release|Any CPU
		{D224066F-0A15-4776-B18E-9D673F1C09B6}.Debug|Any CPU.ActiveCfg = Debug|Any CPU
		{D224066F-0A15-4776-B18E-9D673F1C09B6}.Debug|Any CPU.Build.0 = Debug|Any CPU
		{D224066F-0A15-4776-B18E-9D673F1C09B6}.Release|Any CPU.ActiveCfg = Release|Any CPU
		{D224066F-0A15-4776-B18E-9D673F1C09B6}.Release|Any CPU.Build.0 = Release|Any CPU
		{38ABF4A9-9BBF-4C25-B9C8-7D90149311F1}.Debug|Any CPU.ActiveCfg = Debug|Any CPU
		{38ABF4A9-9BBF-4C25-B9C8-7D90149311F1}.Debug|Any CPU.Build.0 = Debug|Any CPU
		{38ABF4A9-9BBF-4C25-B9C8-7D90149311F1}.Release|Any CPU.ActiveCfg = Release|Any CPU
		{38ABF4A9-9BBF-4C25-B9C8-7D90149311F1}.Release|Any CPU.Build.0 = Release|Any CPU
		{68EEC44C-27CD-4C74-9B25-8D1D10EF9608}.Debug|Any CPU.ActiveCfg = Debug|Any CPU
		{68EEC44C-27CD-4C74-9B25-8D1D10EF9608}.Debug|Any CPU.Build.0 = Debug|Any CPU
		{68EEC44C-27CD-4C74-9B25-8D1D10EF9608}.Release|Any CPU.ActiveCfg = Release|Any CPU
		{68EEC44C-27CD-4C74-9B25-8D1D10EF9608}.Release|Any CPU.Build.0 = Release|Any CPU
		{0E4ED34F-49D9-4DD9-8CA5-CDDDE44FB68A}.Debug|Any CPU.ActiveCfg = Debug|Any CPU
		{0E4ED34F-49D9-4DD9-8CA5-CDDDE44FB68A}.Debug|Any CPU.Build.0 = Debug|Any CPU
		{0E4ED34F-49D9-4DD9-8CA5-CDDDE44FB68A}.Release|Any CPU.ActiveCfg = Release|Any CPU
		{0E4ED34F-49D9-4DD9-8CA5-CDDDE44FB68A}.Release|Any CPU.Build.0 = Release|Any CPU
		{75763269-8063-4DD9-9E60-91BD4C1146B0}.Debug|Any CPU.ActiveCfg = Debug|Any CPU
		{75763269-8063-4DD9-9E60-91BD4C1146B0}.Debug|Any CPU.Build.0 = Debug|Any CPU
		{75763269-8063-4DD9-9E60-91BD4C1146B0}.Release|Any CPU.ActiveCfg = Release|Any CPU
		{75763269-8063-4DD9-9E60-91BD4C1146B0}.Release|Any CPU.Build.0 = Release|Any CPU
		{E74F23CB-574D-41B3-A6C3-046AA78904CB}.Debug|Any CPU.ActiveCfg = Debug|Any CPU
		{E74F23CB-574D-41B3-A6C3-046AA78904CB}.Debug|Any CPU.Build.0 = Debug|Any CPU
		{E74F23CB-574D-41B3-A6C3-046AA78904CB}.Release|Any CPU.ActiveCfg = Release|Any CPU
		{E74F23CB-574D-41B3-A6C3-046AA78904CB}.Release|Any CPU.Build.0 = Release|Any CPU
		{BF56B667-DB6B-4C9F-A37A-5660930F917A}.Debug|Any CPU.ActiveCfg = Debug|Any CPU
		{BF56B667-DB6B-4C9F-A37A-5660930F917A}.Debug|Any CPU.Build.0 = Debug|Any CPU
		{BF56B667-DB6B-4C9F-A37A-5660930F917A}.Release|Any CPU.ActiveCfg = Release|Any CPU
		{BF56B667-DB6B-4C9F-A37A-5660930F917A}.Release|Any CPU.Build.0 = Release|Any CPU
		{3C27BF6D-4468-4DB0-A098-57BCB21B5010}.Debug|Any CPU.ActiveCfg = Debug|Any CPU
		{3C27BF6D-4468-4DB0-A098-57BCB21B5010}.Debug|Any CPU.Build.0 = Debug|Any CPU
		{3C27BF6D-4468-4DB0-A098-57BCB21B5010}.Release|Any CPU.ActiveCfg = Release|Any CPU
		{3C27BF6D-4468-4DB0-A098-57BCB21B5010}.Release|Any CPU.Build.0 = Release|Any CPU
		{CD0D620A-6DD8-4436-8F64-0258F226A313}.Debug|Any CPU.ActiveCfg = Debug|Any CPU
		{CD0D620A-6DD8-4436-8F64-0258F226A313}.Debug|Any CPU.Build.0 = Debug|Any CPU
		{CD0D620A-6DD8-4436-8F64-0258F226A313}.Release|Any CPU.ActiveCfg = Release|Any CPU
		{CD0D620A-6DD8-4436-8F64-0258F226A313}.Release|Any CPU.Build.0 = Release|Any CPU
		{C028E249-D800-4348-9FDE-423D6891F750}.Debug|Any CPU.ActiveCfg = Debug|Any CPU
		{C028E249-D800-4348-9FDE-423D6891F750}.Debug|Any CPU.Build.0 = Debug|Any CPU
		{C028E249-D800-4348-9FDE-423D6891F750}.Release|Any CPU.ActiveCfg = Release|Any CPU
		{C028E249-D800-4348-9FDE-423D6891F750}.Release|Any CPU.Build.0 = Release|Any CPU
		{0143E2CA-87A1-4E10-B0C1-48DC6DDDC5C3}.Debug|Any CPU.ActiveCfg = Debug|Any CPU
		{0143E2CA-87A1-4E10-B0C1-48DC6DDDC5C3}.Debug|Any CPU.Build.0 = Debug|Any CPU
		{0143E2CA-87A1-4E10-B0C1-48DC6DDDC5C3}.Release|Any CPU.ActiveCfg = Release|Any CPU
		{0143E2CA-87A1-4E10-B0C1-48DC6DDDC5C3}.Release|Any CPU.Build.0 = Release|Any CPU
		{6F1BA5CD-FE27-4404-8C19-F0977D138757}.Debug|Any CPU.ActiveCfg = Debug|Any CPU
		{6F1BA5CD-FE27-4404-8C19-F0977D138757}.Debug|Any CPU.Build.0 = Debug|Any CPU
		{6F1BA5CD-FE27-4404-8C19-F0977D138757}.Release|Any CPU.ActiveCfg = Release|Any CPU
		{6F1BA5CD-FE27-4404-8C19-F0977D138757}.Release|Any CPU.Build.0 = Release|Any CPU
		{8FF7008C-AC16-41FC-A3CE-14261D4AA456}.Debug|Any CPU.ActiveCfg = Debug|Any CPU
		{8FF7008C-AC16-41FC-A3CE-14261D4AA456}.Debug|Any CPU.Build.0 = Debug|Any CPU
		{8FF7008C-AC16-41FC-A3CE-14261D4AA456}.Release|Any CPU.ActiveCfg = Release|Any CPU
		{8FF7008C-AC16-41FC-A3CE-14261D4AA456}.Release|Any CPU.Build.0 = Release|Any CPU
		{48E1B1A7-3F6F-484B-9345-81A15B2000BC}.Debug|Any CPU.ActiveCfg = Debug|Any CPU
		{48E1B1A7-3F6F-484B-9345-81A15B2000BC}.Debug|Any CPU.Build.0 = Debug|Any CPU
		{48E1B1A7-3F6F-484B-9345-81A15B2000BC}.Release|Any CPU.ActiveCfg = Release|Any CPU
		{48E1B1A7-3F6F-484B-9345-81A15B2000BC}.Release|Any CPU.Build.0 = Release|Any CPU
		{EE0EBB0E-CF21-4C82-A63E-2C47702B3C44}.Debug|Any CPU.ActiveCfg = Debug|Any CPU
		{EE0EBB0E-CF21-4C82-A63E-2C47702B3C44}.Debug|Any CPU.Build.0 = Debug|Any CPU
		{EE0EBB0E-CF21-4C82-A63E-2C47702B3C44}.Release|Any CPU.ActiveCfg = Release|Any CPU
		{EE0EBB0E-CF21-4C82-A63E-2C47702B3C44}.Release|Any CPU.Build.0 = Release|Any CPU
		{EBE67F2E-6E89-431A-A7E0-5FD6381CFBDB}.Debug|Any CPU.ActiveCfg = Debug|Any CPU
		{EBE67F2E-6E89-431A-A7E0-5FD6381CFBDB}.Debug|Any CPU.Build.0 = Debug|Any CPU
		{EBE67F2E-6E89-431A-A7E0-5FD6381CFBDB}.Release|Any CPU.ActiveCfg = Release|Any CPU
		{EBE67F2E-6E89-431A-A7E0-5FD6381CFBDB}.Release|Any CPU.Build.0 = Release|Any CPU
		{EE68A48B-C6BB-411B-ADEB-7049C96A8A6E}.Debug|Any CPU.ActiveCfg = Debug|Any CPU
		{EE68A48B-C6BB-411B-ADEB-7049C96A8A6E}.Debug|Any CPU.Build.0 = Debug|Any CPU
		{EE68A48B-C6BB-411B-ADEB-7049C96A8A6E}.Release|Any CPU.ActiveCfg = Release|Any CPU
		{EE68A48B-C6BB-411B-ADEB-7049C96A8A6E}.Release|Any CPU.Build.0 = Release|Any CPU
		{FE9C4F40-3874-42E6-B9BB-FA37533BCB7F}.Debug|Any CPU.ActiveCfg = Debug|Any CPU
		{FE9C4F40-3874-42E6-B9BB-FA37533BCB7F}.Debug|Any CPU.Build.0 = Debug|Any CPU
		{FE9C4F40-3874-42E6-B9BB-FA37533BCB7F}.Release|Any CPU.ActiveCfg = Release|Any CPU
		{FE9C4F40-3874-42E6-B9BB-FA37533BCB7F}.Release|Any CPU.Build.0 = Release|Any CPU
		{0B13C5C0-604D-4AFA-BB3E-7FBF6BFA42B1}.Debug|Any CPU.ActiveCfg = Debug|Any CPU
		{0B13C5C0-604D-4AFA-BB3E-7FBF6BFA42B1}.Debug|Any CPU.Build.0 = Debug|Any CPU
		{0B13C5C0-604D-4AFA-BB3E-7FBF6BFA42B1}.Release|Any CPU.ActiveCfg = Release|Any CPU
		{0B13C5C0-604D-4AFA-BB3E-7FBF6BFA42B1}.Release|Any CPU.Build.0 = Release|Any CPU
		{A4C8D00E-AC4D-4B9F-A186-B655FEBCF0AC}.Debug|Any CPU.ActiveCfg = Debug|Any CPU
		{A4C8D00E-AC4D-4B9F-A186-B655FEBCF0AC}.Debug|Any CPU.Build.0 = Debug|Any CPU
		{A4C8D00E-AC4D-4B9F-A186-B655FEBCF0AC}.Release|Any CPU.ActiveCfg = Release|Any CPU
		{A4C8D00E-AC4D-4B9F-A186-B655FEBCF0AC}.Release|Any CPU.Build.0 = Release|Any CPU
		{04B673EF-83BD-40FE-9C11-5D75834011B4}.Debug|Any CPU.ActiveCfg = Debug|Any CPU
		{04B673EF-83BD-40FE-9C11-5D75834011B4}.Debug|Any CPU.Build.0 = Debug|Any CPU
		{04B673EF-83BD-40FE-9C11-5D75834011B4}.Release|Any CPU.ActiveCfg = Release|Any CPU
		{04B673EF-83BD-40FE-9C11-5D75834011B4}.Release|Any CPU.Build.0 = Release|Any CPU
		{0D8E3239-E31D-4922-A3D9-B50321995DBE}.Debug|Any CPU.ActiveCfg = Debug|Any CPU
		{0D8E3239-E31D-4922-A3D9-B50321995DBE}.Debug|Any CPU.Build.0 = Debug|Any CPU
		{0D8E3239-E31D-4922-A3D9-B50321995DBE}.Release|Any CPU.ActiveCfg = Release|Any CPU
		{0D8E3239-E31D-4922-A3D9-B50321995DBE}.Release|Any CPU.Build.0 = Release|Any CPU
		{94CD410C-D894-4092-A6D4-95A9B0344BD6}.Debug|Any CPU.ActiveCfg = Debug|Any CPU
		{94CD410C-D894-4092-A6D4-95A9B0344BD6}.Debug|Any CPU.Build.0 = Debug|Any CPU
		{94CD410C-D894-4092-A6D4-95A9B0344BD6}.Release|Any CPU.ActiveCfg = Release|Any CPU
		{94CD410C-D894-4092-A6D4-95A9B0344BD6}.Release|Any CPU.Build.0 = Release|Any CPU
		{DEE75045-8482-4510-B1E2-48A67EE1E08D}.Debug|Any CPU.ActiveCfg = Debug|Any CPU
		{DEE75045-8482-4510-B1E2-48A67EE1E08D}.Debug|Any CPU.Build.0 = Debug|Any CPU
		{DEE75045-8482-4510-B1E2-48A67EE1E08D}.Release|Any CPU.ActiveCfg = Release|Any CPU
		{DEE75045-8482-4510-B1E2-48A67EE1E08D}.Release|Any CPU.Build.0 = Release|Any CPU
	EndGlobalSection
	GlobalSection(SolutionProperties) = preSolution
		HideSolutionNode = FALSE
	EndGlobalSection
	GlobalSection(NestedProjects) = preSolution
		{B79C6538-3C37-4FD6-937D-0F4A5F2FDB25} = {86EA3C4D-58C2-43D3-9EC2-3EDCD4E4C96D}
		{7350C777-D43C-4BC0-B846-84036E5BC50C} = {86EA3C4D-58C2-43D3-9EC2-3EDCD4E4C96D}
		{BA1B6044-54DA-491E-AC7C-2BF1BE60EAE3} = {86EA3C4D-58C2-43D3-9EC2-3EDCD4E4C96D}
		{FB1F2BEF-056D-49B2-BBAE-6796FA3409C1} = {86EA3C4D-58C2-43D3-9EC2-3EDCD4E4C96D}
		{AC89B324-7E52-4CB2-8884-12981B3223A1} = {86EA3C4D-58C2-43D3-9EC2-3EDCD4E4C96D}
		{D224066F-0A15-4776-B18E-9D673F1C09B6} = {6A55B829-83B9-45A3-9EE3-36365EC359EC}
		{38ABF4A9-9BBF-4C25-B9C8-7D90149311F1} = {86EA3C4D-58C2-43D3-9EC2-3EDCD4E4C96D}
		{68EEC44C-27CD-4C74-9B25-8D1D10EF9608} = {86EA3C4D-58C2-43D3-9EC2-3EDCD4E4C96D}
		{0E4ED34F-49D9-4DD9-8CA5-CDDDE44FB68A} = {86EA3C4D-58C2-43D3-9EC2-3EDCD4E4C96D}
		{75763269-8063-4DD9-9E60-91BD4C1146B0} = {6A55B829-83B9-45A3-9EE3-36365EC359EC}
		{E74F23CB-574D-41B3-A6C3-046AA78904CB} = {6A55B829-83B9-45A3-9EE3-36365EC359EC}
		{BF56B667-DB6B-4C9F-A37A-5660930F917A} = {6A55B829-83B9-45A3-9EE3-36365EC359EC}
		{3C27BF6D-4468-4DB0-A098-57BCB21B5010} = {6A55B829-83B9-45A3-9EE3-36365EC359EC}
		{CD0D620A-6DD8-4436-8F64-0258F226A313} = {6A55B829-83B9-45A3-9EE3-36365EC359EC}
		{C028E249-D800-4348-9FDE-423D6891F750} = {6A55B829-83B9-45A3-9EE3-36365EC359EC}
		{0143E2CA-87A1-4E10-B0C1-48DC6DDDC5C3} = {6A55B829-83B9-45A3-9EE3-36365EC359EC}
		{6F1BA5CD-FE27-4404-8C19-F0977D138757} = {6A55B829-83B9-45A3-9EE3-36365EC359EC}
		{8FF7008C-AC16-41FC-A3CE-14261D4AA456} = {1258EBF2-D7CE-4DDD-AC2C-AC3D231A7129}
		{48E1B1A7-3F6F-484B-9345-81A15B2000BC} = {86EA3C4D-58C2-43D3-9EC2-3EDCD4E4C96D}
		{EE0EBB0E-CF21-4C82-A63E-2C47702B3C44} = {1258EBF2-D7CE-4DDD-AC2C-AC3D231A7129}
		{EBE67F2E-6E89-431A-A7E0-5FD6381CFBDB} = {1258EBF2-D7CE-4DDD-AC2C-AC3D231A7129}
		{EE68A48B-C6BB-411B-ADEB-7049C96A8A6E} = {1258EBF2-D7CE-4DDD-AC2C-AC3D231A7129}
		{FE9C4F40-3874-42E6-B9BB-FA37533BCB7F} = {1258EBF2-D7CE-4DDD-AC2C-AC3D231A7129}
		{0B13C5C0-604D-4AFA-BB3E-7FBF6BFA42B1} = {1258EBF2-D7CE-4DDD-AC2C-AC3D231A7129}
		{A4C8D00E-AC4D-4B9F-A186-B655FEBCF0AC} = {1258EBF2-D7CE-4DDD-AC2C-AC3D231A7129}
		{04B673EF-83BD-40FE-9C11-5D75834011B4} = {1258EBF2-D7CE-4DDD-AC2C-AC3D231A7129}
		{0D8E3239-E31D-4922-A3D9-B50321995DBE} = {1258EBF2-D7CE-4DDD-AC2C-AC3D231A7129}
		{94CD410C-D894-4092-A6D4-95A9B0344BD6} = {1258EBF2-D7CE-4DDD-AC2C-AC3D231A7129}
	EndGlobalSection
	GlobalSection(ExtensibilityGlobals) = postSolution
		SolutionGuid = {FA1D412F-25A9-4F71-B488-D07218FCCC18}
	EndGlobalSection
EndGlobal
