
Microsoft Visual Studio Solution File, Format Version 12.00
# Visual Studio Version 16
VisualStudioVersion = 16.0.31624.102
MinimumVisualStudioVersion = 10.0.40219.1
Project("{9A19103F-16F7-4668-BE54-9A1E7A4F7556}") = "1. Day of Week", "1. Day of Week\1. Day of Week.csproj", "{871325AE-F89F-432F-92F4-73600994C2BB}"
EndProject
Project("{9A19103F-16F7-4668-BE54-9A1E7A4F7556}") = "2.WeekendOrWorkingDay", "2.WeekendOrWorkingDay\2.WeekendOrWorkingDay.csproj", "{073B2700-C2A3-4D2D-96B5-A884845F6855}"
EndProject
Project("{9A19103F-16F7-4668-BE54-9A1E7A4F7556}") = "3. Animal Type", "3. Animal Type\3. Animal Type.csproj", "{ABF7B9D5-341E-473B-A1C6-761B79F8D8F7}"
EndProject
Project("{9A19103F-16F7-4668-BE54-9A1E7A4F7556}") = "4. Personal Titles", "4. Personal Titles\4. Personal Titles.csproj", "{B7BFEFC2-E20D-4B5E-BAFE-D89C24B5EA5A}"
EndProject
Project("{9A19103F-16F7-4668-BE54-9A1E7A4F7556}") = "5. Small Shop", "5. Small Shop\5. Small Shop.csproj", "{C042F454-4582-4C17-B46D-7E1DFF451160}"
EndProject
Project("{9A19103F-16F7-4668-BE54-9A1E7A4F7556}") = "Test", "Test\Test.csproj", "{13A79D97-DA73-480C-AC9A-41B15FD01A29}"
EndProject
Project("{9A19103F-16F7-4668-BE54-9A1E7A4F7556}") = "6. Number in Range", "6. Number in Range\6. Number in Range.csproj", "{28C3E643-0381-49E2-BC32-DA1659F3C59F}"
EndProject
Project("{9A19103F-16F7-4668-BE54-9A1E7A4F7556}") = "7.Working Hours", "7.Working Hours\7.Working Hours.csproj", "{9A57D55D-AE01-4ADC-8E57-9B82B7ACC02C}"
EndProject
Project("{9A19103F-16F7-4668-BE54-9A1E7A4F7556}") = "8.Cinema Ticket", "8.Cinema Ticket\8.Cinema Ticket.csproj", "{CBA8644D-32A3-4639-B90F-314EA37A7429}"
EndProject
Project("{9A19103F-16F7-4668-BE54-9A1E7A4F7556}") = "9. Fruit or Vegetable", "9. Fruit or Vegetable\9. Fruit or Vegetable.csproj", "{9ABDC6A9-00BE-4469-9053-FF971ECEBD4E}"
EndProject
Project("{2150E333-8FDC-42A3-9474-1A3956D46DE8}") = "Lab", "Lab", "{DBFC4F76-0E3B-4F46-BE9E-9146F40690A9}"
EndProject
Project("{9A19103F-16F7-4668-BE54-9A1E7A4F7556}") = "10. Invalid Number", "10. Invalid Number\10. Invalid Number.csproj", "{4B791888-067F-415E-8111-D7AE75138B68}"
EndProject
Project("{9A19103F-16F7-4668-BE54-9A1E7A4F7556}") = "11. Fruit Shop", "11. Fruit Shop\11. Fruit Shop.csproj", "{FB6754B4-BC40-4460-9272-80A05861D30A}"
EndProject
Project("{9A19103F-16F7-4668-BE54-9A1E7A4F7556}") = "12. Trade Commissions", "2. Trade Commissions\12. Trade Commissions.csproj", "{46E9935D-3889-4E55-A00E-429A522A8FA3}"
EndProject
Project("{2150E333-8FDC-42A3-9474-1A3956D46DE8}") = "Exercise", "Exercise", "{FBE06B09-73C5-499B-B667-148A79658E8D}"
EndProject
Project("{9A19103F-16F7-4668-BE54-9A1E7A4F7556}") = "1. Cinema", "1. Cinema\1. Cinema.csproj", "{DD3C5ED3-7AC5-49E4-9779-201DACC38D77}"
EndProject
Project("{9A19103F-16F7-4668-BE54-9A1E7A4F7556}") = "2. Summer Outfit", "2. Summer Outfit\2. Summer Outfit.csproj", "{FBDA05C9-74E3-4ABB-BB76-BD8F10021090}"
EndProject
Project("{9A19103F-16F7-4668-BE54-9A1E7A4F7556}") = "3. New House", "3. New House\3. New House.csproj", "{A344D7DC-4768-486B-8ACA-BB3B214A3FB8}"
EndProject
Project("{9A19103F-16F7-4668-BE54-9A1E7A4F7556}") = "4. Fishing Boat", "4. Fishing Boat\4. Fishing Boat.csproj", "{C36A16C1-9CBC-4F9C-B023-164EB998CAB7}"
EndProject
Project("{9A19103F-16F7-4668-BE54-9A1E7A4F7556}") = "5. Journey", "5. Journey\5. Journey.csproj", "{240E6E31-38A2-4B7B-A7D6-A25F60102AB9}"
EndProject
Project("{9A19103F-16F7-4668-BE54-9A1E7A4F7556}") = "6.OperationsBetweenNums", "6.OperationsBetweenNums\6.OperationsBetweenNums.csproj", "{27C52951-18EB-44E7-9AC1-279C4C5ACED5}"
EndProject
Project("{9A19103F-16F7-4668-BE54-9A1E7A4F7556}") = "7. Hotel Room", "7. Hotel Room\7. Hotel Room.csproj", "{8D20B205-1DDF-4D4E-8B9B-8BDD6F48A187}"
EndProject
Project("{9A19103F-16F7-4668-BE54-9A1E7A4F7556}") = "8. On Time for the Exam", "8. On Time for the Exam\8. On Time for the Exam.csproj", "{A75027F0-4CCE-4D9F-AA10-F96AE1D27554}"
EndProject
Project("{9A19103F-16F7-4668-BE54-9A1E7A4F7556}") = "ConsoleApp1", "ConsoleApp1\ConsoleApp1.csproj", "{FC4B6743-E74E-4227-80CC-AD6F2FBB3A78}"
EndProject
Project("{2150E333-8FDC-42A3-9474-1A3956D46DE8}") = "More exercises", "More exercises", "{D42AAAAD-054F-45C5-B1AC-F938AD1D8111}"
EndProject
Project("{FAE04EC0-301F-11D3-BF4B-00C04F79EFBC}") = "1. Match Tickets", "1. Match Tickets\1. Match Tickets.csproj", "{1ACB77F0-54F5-4C23-8EC4-2D8A58F1D3BA}"
EndProject
Project("{FAE04EC0-301F-11D3-BF4B-00C04F79EFBC}") = "2. Bike Race", "2. Bike Race\2. Bike Race.csproj", "{57B0D16A-630A-447E-9C54-2530FDE50C8E}"
EndProject
Project("{FAE04EC0-301F-11D3-BF4B-00C04F79EFBC}") = "3. Flowers", "3. Flowers\3. Flowers.csproj", "{14172355-64D3-42B9-853B-501A993B3DE3}"
EndProject
Project("{FAE04EC0-301F-11D3-BF4B-00C04F79EFBC}") = "4. Car To Go", "4. Car To Go\4. Car To Go.csproj", "{5E6C73DA-C939-4065-93D5-AD669FC59B2F}"
EndProject
Project("{FAE04EC0-301F-11D3-BF4B-00C04F79EFBC}") = "5. Vacation", "5. Vacation\5. Vacation.csproj", "{776E01BC-64C5-4F00-9F5A-F53709716781}"
EndProject
Project("{FAE04EC0-301F-11D3-BF4B-00C04F79EFBC}") = "6. Truck Driver", "6. Truck Driver\6. Truck Driver.csproj", "{DEA5814F-04FD-41AE-B6FB-4D5672FB2CC3}"
EndProject
Global
	GlobalSection(SolutionConfigurationPlatforms) = preSolution
		Debug|Any CPU = Debug|Any CPU
		Release|Any CPU = Release|Any CPU
	EndGlobalSection
	GlobalSection(ProjectConfigurationPlatforms) = postSolution
		{871325AE-F89F-432F-92F4-73600994C2BB}.Debug|Any CPU.ActiveCfg = Debug|Any CPU
		{871325AE-F89F-432F-92F4-73600994C2BB}.Debug|Any CPU.Build.0 = Debug|Any CPU
		{871325AE-F89F-432F-92F4-73600994C2BB}.Release|Any CPU.ActiveCfg = Release|Any CPU
		{871325AE-F89F-432F-92F4-73600994C2BB}.Release|Any CPU.Build.0 = Release|Any CPU
		{073B2700-C2A3-4D2D-96B5-A884845F6855}.Debug|Any CPU.ActiveCfg = Debug|Any CPU
		{073B2700-C2A3-4D2D-96B5-A884845F6855}.Debug|Any CPU.Build.0 = Debug|Any CPU
		{073B2700-C2A3-4D2D-96B5-A884845F6855}.Release|Any CPU.ActiveCfg = Release|Any CPU
		{073B2700-C2A3-4D2D-96B5-A884845F6855}.Release|Any CPU.Build.0 = Release|Any CPU
		{ABF7B9D5-341E-473B-A1C6-761B79F8D8F7}.Debug|Any CPU.ActiveCfg = Debug|Any CPU
		{ABF7B9D5-341E-473B-A1C6-761B79F8D8F7}.Debug|Any CPU.Build.0 = Debug|Any CPU
		{ABF7B9D5-341E-473B-A1C6-761B79F8D8F7}.Release|Any CPU.ActiveCfg = Release|Any CPU
		{ABF7B9D5-341E-473B-A1C6-761B79F8D8F7}.Release|Any CPU.Build.0 = Release|Any CPU
		{B7BFEFC2-E20D-4B5E-BAFE-D89C24B5EA5A}.Debug|Any CPU.ActiveCfg = Debug|Any CPU
		{B7BFEFC2-E20D-4B5E-BAFE-D89C24B5EA5A}.Debug|Any CPU.Build.0 = Debug|Any CPU
		{B7BFEFC2-E20D-4B5E-BAFE-D89C24B5EA5A}.Release|Any CPU.ActiveCfg = Release|Any CPU
		{B7BFEFC2-E20D-4B5E-BAFE-D89C24B5EA5A}.Release|Any CPU.Build.0 = Release|Any CPU
		{C042F454-4582-4C17-B46D-7E1DFF451160}.Debug|Any CPU.ActiveCfg = Debug|Any CPU
		{C042F454-4582-4C17-B46D-7E1DFF451160}.Debug|Any CPU.Build.0 = Debug|Any CPU
		{C042F454-4582-4C17-B46D-7E1DFF451160}.Release|Any CPU.ActiveCfg = Release|Any CPU
		{C042F454-4582-4C17-B46D-7E1DFF451160}.Release|Any CPU.Build.0 = Release|Any CPU
		{13A79D97-DA73-480C-AC9A-41B15FD01A29}.Debug|Any CPU.ActiveCfg = Debug|Any CPU
		{13A79D97-DA73-480C-AC9A-41B15FD01A29}.Debug|Any CPU.Build.0 = Debug|Any CPU
		{13A79D97-DA73-480C-AC9A-41B15FD01A29}.Release|Any CPU.ActiveCfg = Release|Any CPU
		{13A79D97-DA73-480C-AC9A-41B15FD01A29}.Release|Any CPU.Build.0 = Release|Any CPU
		{28C3E643-0381-49E2-BC32-DA1659F3C59F}.Debug|Any CPU.ActiveCfg = Debug|Any CPU
		{28C3E643-0381-49E2-BC32-DA1659F3C59F}.Debug|Any CPU.Build.0 = Debug|Any CPU
		{28C3E643-0381-49E2-BC32-DA1659F3C59F}.Release|Any CPU.ActiveCfg = Release|Any CPU
		{28C3E643-0381-49E2-BC32-DA1659F3C59F}.Release|Any CPU.Build.0 = Release|Any CPU
		{9A57D55D-AE01-4ADC-8E57-9B82B7ACC02C}.Debug|Any CPU.ActiveCfg = Debug|Any CPU
		{9A57D55D-AE01-4ADC-8E57-9B82B7ACC02C}.Debug|Any CPU.Build.0 = Debug|Any CPU
		{9A57D55D-AE01-4ADC-8E57-9B82B7ACC02C}.Release|Any CPU.ActiveCfg = Release|Any CPU
		{9A57D55D-AE01-4ADC-8E57-9B82B7ACC02C}.Release|Any CPU.Build.0 = Release|Any CPU
		{CBA8644D-32A3-4639-B90F-314EA37A7429}.Debug|Any CPU.ActiveCfg = Debug|Any CPU
		{CBA8644D-32A3-4639-B90F-314EA37A7429}.Debug|Any CPU.Build.0 = Debug|Any CPU
		{CBA8644D-32A3-4639-B90F-314EA37A7429}.Release|Any CPU.ActiveCfg = Release|Any CPU
		{CBA8644D-32A3-4639-B90F-314EA37A7429}.Release|Any CPU.Build.0 = Release|Any CPU
		{9ABDC6A9-00BE-4469-9053-FF971ECEBD4E}.Debug|Any CPU.ActiveCfg = Debug|Any CPU
		{9ABDC6A9-00BE-4469-9053-FF971ECEBD4E}.Debug|Any CPU.Build.0 = Debug|Any CPU
		{9ABDC6A9-00BE-4469-9053-FF971ECEBD4E}.Release|Any CPU.ActiveCfg = Release|Any CPU
		{9ABDC6A9-00BE-4469-9053-FF971ECEBD4E}.Release|Any CPU.Build.0 = Release|Any CPU
		{4B791888-067F-415E-8111-D7AE75138B68}.Debug|Any CPU.ActiveCfg = Debug|Any CPU
		{4B791888-067F-415E-8111-D7AE75138B68}.Debug|Any CPU.Build.0 = Debug|Any CPU
		{4B791888-067F-415E-8111-D7AE75138B68}.Release|Any CPU.ActiveCfg = Release|Any CPU
		{4B791888-067F-415E-8111-D7AE75138B68}.Release|Any CPU.Build.0 = Release|Any CPU
		{FB6754B4-BC40-4460-9272-80A05861D30A}.Debug|Any CPU.ActiveCfg = Debug|Any CPU
		{FB6754B4-BC40-4460-9272-80A05861D30A}.Debug|Any CPU.Build.0 = Debug|Any CPU
		{FB6754B4-BC40-4460-9272-80A05861D30A}.Release|Any CPU.ActiveCfg = Release|Any CPU
		{FB6754B4-BC40-4460-9272-80A05861D30A}.Release|Any CPU.Build.0 = Release|Any CPU
		{46E9935D-3889-4E55-A00E-429A522A8FA3}.Debug|Any CPU.ActiveCfg = Debug|Any CPU
		{46E9935D-3889-4E55-A00E-429A522A8FA3}.Debug|Any CPU.Build.0 = Debug|Any CPU
		{46E9935D-3889-4E55-A00E-429A522A8FA3}.Release|Any CPU.ActiveCfg = Release|Any CPU
		{46E9935D-3889-4E55-A00E-429A522A8FA3}.Release|Any CPU.Build.0 = Release|Any CPU
		{DD3C5ED3-7AC5-49E4-9779-201DACC38D77}.Debug|Any CPU.ActiveCfg = Debug|Any CPU
		{DD3C5ED3-7AC5-49E4-9779-201DACC38D77}.Debug|Any CPU.Build.0 = Debug|Any CPU
		{DD3C5ED3-7AC5-49E4-9779-201DACC38D77}.Release|Any CPU.ActiveCfg = Release|Any CPU
		{DD3C5ED3-7AC5-49E4-9779-201DACC38D77}.Release|Any CPU.Build.0 = Release|Any CPU
		{FBDA05C9-74E3-4ABB-BB76-BD8F10021090}.Debug|Any CPU.ActiveCfg = Debug|Any CPU
		{FBDA05C9-74E3-4ABB-BB76-BD8F10021090}.Debug|Any CPU.Build.0 = Debug|Any CPU
		{FBDA05C9-74E3-4ABB-BB76-BD8F10021090}.Release|Any CPU.ActiveCfg = Release|Any CPU
		{FBDA05C9-74E3-4ABB-BB76-BD8F10021090}.Release|Any CPU.Build.0 = Release|Any CPU
		{A344D7DC-4768-486B-8ACA-BB3B214A3FB8}.Debug|Any CPU.ActiveCfg = Debug|Any CPU
		{A344D7DC-4768-486B-8ACA-BB3B214A3FB8}.Debug|Any CPU.Build.0 = Debug|Any CPU
		{A344D7DC-4768-486B-8ACA-BB3B214A3FB8}.Release|Any CPU.ActiveCfg = Release|Any CPU
		{A344D7DC-4768-486B-8ACA-BB3B214A3FB8}.Release|Any CPU.Build.0 = Release|Any CPU
		{C36A16C1-9CBC-4F9C-B023-164EB998CAB7}.Debug|Any CPU.ActiveCfg = Debug|Any CPU
		{C36A16C1-9CBC-4F9C-B023-164EB998CAB7}.Debug|Any CPU.Build.0 = Debug|Any CPU
		{C36A16C1-9CBC-4F9C-B023-164EB998CAB7}.Release|Any CPU.ActiveCfg = Release|Any CPU
		{C36A16C1-9CBC-4F9C-B023-164EB998CAB7}.Release|Any CPU.Build.0 = Release|Any CPU
		{240E6E31-38A2-4B7B-A7D6-A25F60102AB9}.Debug|Any CPU.ActiveCfg = Debug|Any CPU
		{240E6E31-38A2-4B7B-A7D6-A25F60102AB9}.Debug|Any CPU.Build.0 = Debug|Any CPU
		{240E6E31-38A2-4B7B-A7D6-A25F60102AB9}.Release|Any CPU.ActiveCfg = Release|Any CPU
		{240E6E31-38A2-4B7B-A7D6-A25F60102AB9}.Release|Any CPU.Build.0 = Release|Any CPU
		{27C52951-18EB-44E7-9AC1-279C4C5ACED5}.Debug|Any CPU.ActiveCfg = Debug|Any CPU
		{27C52951-18EB-44E7-9AC1-279C4C5ACED5}.Debug|Any CPU.Build.0 = Debug|Any CPU
		{27C52951-18EB-44E7-9AC1-279C4C5ACED5}.Release|Any CPU.ActiveCfg = Release|Any CPU
		{27C52951-18EB-44E7-9AC1-279C4C5ACED5}.Release|Any CPU.Build.0 = Release|Any CPU
		{8D20B205-1DDF-4D4E-8B9B-8BDD6F48A187}.Debug|Any CPU.ActiveCfg = Debug|Any CPU
		{8D20B205-1DDF-4D4E-8B9B-8BDD6F48A187}.Debug|Any CPU.Build.0 = Debug|Any CPU
		{8D20B205-1DDF-4D4E-8B9B-8BDD6F48A187}.Release|Any CPU.ActiveCfg = Release|Any CPU
		{8D20B205-1DDF-4D4E-8B9B-8BDD6F48A187}.Release|Any CPU.Build.0 = Release|Any CPU
		{A75027F0-4CCE-4D9F-AA10-F96AE1D27554}.Debug|Any CPU.ActiveCfg = Debug|Any CPU
		{A75027F0-4CCE-4D9F-AA10-F96AE1D27554}.Debug|Any CPU.Build.0 = Debug|Any CPU
		{A75027F0-4CCE-4D9F-AA10-F96AE1D27554}.Release|Any CPU.ActiveCfg = Release|Any CPU
		{A75027F0-4CCE-4D9F-AA10-F96AE1D27554}.Release|Any CPU.Build.0 = Release|Any CPU
		{FC4B6743-E74E-4227-80CC-AD6F2FBB3A78}.Debug|Any CPU.ActiveCfg = Debug|Any CPU
		{FC4B6743-E74E-4227-80CC-AD6F2FBB3A78}.Debug|Any CPU.Build.0 = Debug|Any CPU
		{FC4B6743-E74E-4227-80CC-AD6F2FBB3A78}.Release|Any CPU.ActiveCfg = Release|Any CPU
		{FC4B6743-E74E-4227-80CC-AD6F2FBB3A78}.Release|Any CPU.Build.0 = Release|Any CPU
		{1ACB77F0-54F5-4C23-8EC4-2D8A58F1D3BA}.Debug|Any CPU.ActiveCfg = Debug|Any CPU
		{1ACB77F0-54F5-4C23-8EC4-2D8A58F1D3BA}.Debug|Any CPU.Build.0 = Debug|Any CPU
		{1ACB77F0-54F5-4C23-8EC4-2D8A58F1D3BA}.Release|Any CPU.ActiveCfg = Release|Any CPU
		{1ACB77F0-54F5-4C23-8EC4-2D8A58F1D3BA}.Release|Any CPU.Build.0 = Release|Any CPU
		{57B0D16A-630A-447E-9C54-2530FDE50C8E}.Debug|Any CPU.ActiveCfg = Debug|Any CPU
		{57B0D16A-630A-447E-9C54-2530FDE50C8E}.Debug|Any CPU.Build.0 = Debug|Any CPU
		{57B0D16A-630A-447E-9C54-2530FDE50C8E}.Release|Any CPU.ActiveCfg = Release|Any CPU
		{57B0D16A-630A-447E-9C54-2530FDE50C8E}.Release|Any CPU.Build.0 = Release|Any CPU
		{14172355-64D3-42B9-853B-501A993B3DE3}.Debug|Any CPU.ActiveCfg = Debug|Any CPU
		{14172355-64D3-42B9-853B-501A993B3DE3}.Debug|Any CPU.Build.0 = Debug|Any CPU
		{14172355-64D3-42B9-853B-501A993B3DE3}.Release|Any CPU.ActiveCfg = Release|Any CPU
		{14172355-64D3-42B9-853B-501A993B3DE3}.Release|Any CPU.Build.0 = Release|Any CPU
		{5E6C73DA-C939-4065-93D5-AD669FC59B2F}.Debug|Any CPU.ActiveCfg = Debug|Any CPU
		{5E6C73DA-C939-4065-93D5-AD669FC59B2F}.Debug|Any CPU.Build.0 = Debug|Any CPU
		{5E6C73DA-C939-4065-93D5-AD669FC59B2F}.Release|Any CPU.ActiveCfg = Release|Any CPU
		{5E6C73DA-C939-4065-93D5-AD669FC59B2F}.Release|Any CPU.Build.0 = Release|Any CPU
		{776E01BC-64C5-4F00-9F5A-F53709716781}.Debug|Any CPU.ActiveCfg = Debug|Any CPU
		{776E01BC-64C5-4F00-9F5A-F53709716781}.Debug|Any CPU.Build.0 = Debug|Any CPU
		{776E01BC-64C5-4F00-9F5A-F53709716781}.Release|Any CPU.ActiveCfg = Release|Any CPU
		{776E01BC-64C5-4F00-9F5A-F53709716781}.Release|Any CPU.Build.0 = Release|Any CPU
		{DEA5814F-04FD-41AE-B6FB-4D5672FB2CC3}.Debug|Any CPU.ActiveCfg = Debug|Any CPU
		{DEA5814F-04FD-41AE-B6FB-4D5672FB2CC3}.Debug|Any CPU.Build.0 = Debug|Any CPU
		{DEA5814F-04FD-41AE-B6FB-4D5672FB2CC3}.Release|Any CPU.ActiveCfg = Release|Any CPU
		{DEA5814F-04FD-41AE-B6FB-4D5672FB2CC3}.Release|Any CPU.Build.0 = Release|Any CPU
	EndGlobalSection
	GlobalSection(SolutionProperties) = preSolution
		HideSolutionNode = FALSE
	EndGlobalSection
	GlobalSection(NestedProjects) = preSolution
		{871325AE-F89F-432F-92F4-73600994C2BB} = {DBFC4F76-0E3B-4F46-BE9E-9146F40690A9}
		{073B2700-C2A3-4D2D-96B5-A884845F6855} = {DBFC4F76-0E3B-4F46-BE9E-9146F40690A9}
		{ABF7B9D5-341E-473B-A1C6-761B79F8D8F7} = {DBFC4F76-0E3B-4F46-BE9E-9146F40690A9}
		{B7BFEFC2-E20D-4B5E-BAFE-D89C24B5EA5A} = {DBFC4F76-0E3B-4F46-BE9E-9146F40690A9}
		{C042F454-4582-4C17-B46D-7E1DFF451160} = {DBFC4F76-0E3B-4F46-BE9E-9146F40690A9}
		{28C3E643-0381-49E2-BC32-DA1659F3C59F} = {DBFC4F76-0E3B-4F46-BE9E-9146F40690A9}
		{9A57D55D-AE01-4ADC-8E57-9B82B7ACC02C} = {DBFC4F76-0E3B-4F46-BE9E-9146F40690A9}
		{CBA8644D-32A3-4639-B90F-314EA37A7429} = {DBFC4F76-0E3B-4F46-BE9E-9146F40690A9}
		{9ABDC6A9-00BE-4469-9053-FF971ECEBD4E} = {DBFC4F76-0E3B-4F46-BE9E-9146F40690A9}
		{4B791888-067F-415E-8111-D7AE75138B68} = {DBFC4F76-0E3B-4F46-BE9E-9146F40690A9}
		{FB6754B4-BC40-4460-9272-80A05861D30A} = {DBFC4F76-0E3B-4F46-BE9E-9146F40690A9}
		{46E9935D-3889-4E55-A00E-429A522A8FA3} = {DBFC4F76-0E3B-4F46-BE9E-9146F40690A9}
		{DD3C5ED3-7AC5-49E4-9779-201DACC38D77} = {FBE06B09-73C5-499B-B667-148A79658E8D}
		{FBDA05C9-74E3-4ABB-BB76-BD8F10021090} = {FBE06B09-73C5-499B-B667-148A79658E8D}
		{A344D7DC-4768-486B-8ACA-BB3B214A3FB8} = {FBE06B09-73C5-499B-B667-148A79658E8D}
		{C36A16C1-9CBC-4F9C-B023-164EB998CAB7} = {FBE06B09-73C5-499B-B667-148A79658E8D}
		{240E6E31-38A2-4B7B-A7D6-A25F60102AB9} = {FBE06B09-73C5-499B-B667-148A79658E8D}
		{27C52951-18EB-44E7-9AC1-279C4C5ACED5} = {FBE06B09-73C5-499B-B667-148A79658E8D}
		{8D20B205-1DDF-4D4E-8B9B-8BDD6F48A187} = {FBE06B09-73C5-499B-B667-148A79658E8D}
		{A75027F0-4CCE-4D9F-AA10-F96AE1D27554} = {FBE06B09-73C5-499B-B667-148A79658E8D}
		{FC4B6743-E74E-4227-80CC-AD6F2FBB3A78} = {FBE06B09-73C5-499B-B667-148A79658E8D}
		{1ACB77F0-54F5-4C23-8EC4-2D8A58F1D3BA} = {D42AAAAD-054F-45C5-B1AC-F938AD1D8111}
		{57B0D16A-630A-447E-9C54-2530FDE50C8E} = {D42AAAAD-054F-45C5-B1AC-F938AD1D8111}
		{14172355-64D3-42B9-853B-501A993B3DE3} = {D42AAAAD-054F-45C5-B1AC-F938AD1D8111}
		{5E6C73DA-C939-4065-93D5-AD669FC59B2F} = {D42AAAAD-054F-45C5-B1AC-F938AD1D8111}
		{776E01BC-64C5-4F00-9F5A-F53709716781} = {D42AAAAD-054F-45C5-B1AC-F938AD1D8111}
		{DEA5814F-04FD-41AE-B6FB-4D5672FB2CC3} = {D42AAAAD-054F-45C5-B1AC-F938AD1D8111}
	EndGlobalSection
	GlobalSection(ExtensibilityGlobals) = postSolution
		SolutionGuid = {7B373F3F-A949-4AF4-B4B3-74017A77AA8F}
	EndGlobalSection
EndGlobal
