
Microsoft Visual Studio Solution File, Format Version 12.00
# Visual Studio Version 16
VisualStudioVersion = 16.0.31702.278
MinimumVisualStudioVersion = 10.0.40219.1
Project("{9A19103F-16F7-4668-BE54-9A1E7A4F7556}") = "Test", "5. While loop\Test.csproj", "{E33E24B4-B0B0-427E-9072-A5BE9B73A045}"
EndProject
Project("{2150E333-8FDC-42A3-9474-1A3956D46DE8}") = "While loop lecture", "While loop lecture", "{1EDFAC1E-BB8E-4AD1-8EAA-4814CC3A1A72}"
EndProject
Project("{9A19103F-16F7-4668-BE54-9A1E7A4F7556}") = "1. Read Text", "1. Read Text\1. Read Text.csproj", "{8883DC49-0B58-4F03-83D0-7586D9596E76}"
EndProject
Project("{9A19103F-16F7-4668-BE54-9A1E7A4F7556}") = "2. Password", "2. Password\2. Password.csproj", "{1E734764-F762-4BD7-9508-363CE2560173}"
EndProject
Project("{9A19103F-16F7-4668-BE54-9A1E7A4F7556}") = "3. Sum Numbers", "3. Sum Numbers\3. Sum Numbers.csproj", "{7682C70A-C317-42D8-9F64-8596DD91DAD6}"
EndProject
Project("{9A19103F-16F7-4668-BE54-9A1E7A4F7556}") = "Wrong password example", "Wrong password example\Wrong password example.csproj", "{45061752-C3C0-4CA8-AA04-451ABB215E71}"
EndProject
Project("{9A19103F-16F7-4668-BE54-9A1E7A4F7556}") = "4. Sequence 2k+1", "4. Sequence 2k+1\4. Sequence 2k+1.csproj", "{6E44CCD9-DF53-4302-A63D-7915C29E791A}"
EndProject
Project("{9A19103F-16F7-4668-BE54-9A1E7A4F7556}") = "5. Account Balance", "5. Account Balance\5. Account Balance.csproj", "{46B58CE0-7059-4FA7-9C72-47E312A3CDB2}"
EndProject
Project("{9A19103F-16F7-4668-BE54-9A1E7A4F7556}") = "String to int (IZPITNA)", "String to int (IZPITNA)\String to int (IZPITNA).csproj", "{C5B7862F-CF88-4D66-B181-9117CA715FD8}"
EndProject
Project("{9A19103F-16F7-4668-BE54-9A1E7A4F7556}") = "8. Graduation", "8. Graduation\8. Graduation.csproj", "{116C48B1-1C4F-4E7C-A46F-D15DCB9AA656}"
EndProject
Project("{9A19103F-16F7-4668-BE54-9A1E7A4F7556}") = "6. Max Number", "6. Max Number\6. Max Number.csproj", "{6B8F1CD1-F564-414A-8BB7-6AA4DAC738CC}"
EndProject
Project("{9A19103F-16F7-4668-BE54-9A1E7A4F7556}") = "7. Min Number", "7. Min Number\7. Min Number.csproj", "{F0345D9A-9F30-4BA7-ACCF-7BC5ADC169E3}"
EndProject
Project("{2150E333-8FDC-42A3-9474-1A3956D46DE8}") = "Exercise", "Exercise", "{8DDB29EC-8CEC-4E05-8953-315C557C8878}"
EndProject
Project("{9A19103F-16F7-4668-BE54-9A1E7A4F7556}") = "1. Old Books", "1. Old Books\1. Old Books.csproj", "{1B5085CA-B3E1-4371-8378-0513AF8E0786}"
EndProject
Project("{9A19103F-16F7-4668-BE54-9A1E7A4F7556}") = "2. Exam Preparation", "2. Exam Preparation\2. Exam Preparation.csproj", "{A6522C4B-4C04-42DC-AB62-5118F570CBBE}"
EndProject
Project("{FAE04EC0-301F-11D3-BF4B-00C04F79EFBC}") = "3. Vacation", "3. Vacation\3. Vacation.csproj", "{51D9501D-2D99-4659-8910-77E4C6A9167E}"
EndProject
Project("{FAE04EC0-301F-11D3-BF4B-00C04F79EFBC}") = "4. Walking", "4. Walking\4. Walking.csproj", "{1FEA0571-6941-4219-9D79-90725D068762}"
EndProject
Project("{FAE04EC0-301F-11D3-BF4B-00C04F79EFBC}") = "5. Coins", "5. Coins\5. Coins.csproj", "{6D42543C-7ECB-40F7-B942-DFF4F53449DE}"
EndProject
Project("{FAE04EC0-301F-11D3-BF4B-00C04F79EFBC}") = "6. Cake", "6. Cake\6. Cake.csproj", "{168EF05C-AE86-4DA5-A299-7D2B9801DA06}"
EndProject
Project("{FAE04EC0-301F-11D3-BF4B-00C04F79EFBC}") = "7. Moving", "7. Moving\7. Moving.csproj", "{0B37CC14-C79E-4CFB-9A27-24773DEFB675}"
EndProject
Global
	GlobalSection(SolutionConfigurationPlatforms) = preSolution
		Debug|Any CPU = Debug|Any CPU
		Release|Any CPU = Release|Any CPU
	EndGlobalSection
	GlobalSection(ProjectConfigurationPlatforms) = postSolution
		{E33E24B4-B0B0-427E-9072-A5BE9B73A045}.Debug|Any CPU.ActiveCfg = Debug|Any CPU
		{E33E24B4-B0B0-427E-9072-A5BE9B73A045}.Debug|Any CPU.Build.0 = Debug|Any CPU
		{E33E24B4-B0B0-427E-9072-A5BE9B73A045}.Release|Any CPU.ActiveCfg = Release|Any CPU
		{E33E24B4-B0B0-427E-9072-A5BE9B73A045}.Release|Any CPU.Build.0 = Release|Any CPU
		{8883DC49-0B58-4F03-83D0-7586D9596E76}.Debug|Any CPU.ActiveCfg = Debug|Any CPU
		{8883DC49-0B58-4F03-83D0-7586D9596E76}.Debug|Any CPU.Build.0 = Debug|Any CPU
		{8883DC49-0B58-4F03-83D0-7586D9596E76}.Release|Any CPU.ActiveCfg = Release|Any CPU
		{8883DC49-0B58-4F03-83D0-7586D9596E76}.Release|Any CPU.Build.0 = Release|Any CPU
		{1E734764-F762-4BD7-9508-363CE2560173}.Debug|Any CPU.ActiveCfg = Debug|Any CPU
		{1E734764-F762-4BD7-9508-363CE2560173}.Debug|Any CPU.Build.0 = Debug|Any CPU
		{1E734764-F762-4BD7-9508-363CE2560173}.Release|Any CPU.ActiveCfg = Release|Any CPU
		{1E734764-F762-4BD7-9508-363CE2560173}.Release|Any CPU.Build.0 = Release|Any CPU
		{7682C70A-C317-42D8-9F64-8596DD91DAD6}.Debug|Any CPU.ActiveCfg = Debug|Any CPU
		{7682C70A-C317-42D8-9F64-8596DD91DAD6}.Debug|Any CPU.Build.0 = Debug|Any CPU
		{7682C70A-C317-42D8-9F64-8596DD91DAD6}.Release|Any CPU.ActiveCfg = Release|Any CPU
		{7682C70A-C317-42D8-9F64-8596DD91DAD6}.Release|Any CPU.Build.0 = Release|Any CPU
		{45061752-C3C0-4CA8-AA04-451ABB215E71}.Debug|Any CPU.ActiveCfg = Debug|Any CPU
		{45061752-C3C0-4CA8-AA04-451ABB215E71}.Debug|Any CPU.Build.0 = Debug|Any CPU
		{45061752-C3C0-4CA8-AA04-451ABB215E71}.Release|Any CPU.ActiveCfg = Release|Any CPU
		{45061752-C3C0-4CA8-AA04-451ABB215E71}.Release|Any CPU.Build.0 = Release|Any CPU
		{6E44CCD9-DF53-4302-A63D-7915C29E791A}.Debug|Any CPU.ActiveCfg = Debug|Any CPU
		{6E44CCD9-DF53-4302-A63D-7915C29E791A}.Debug|Any CPU.Build.0 = Debug|Any CPU
		{6E44CCD9-DF53-4302-A63D-7915C29E791A}.Release|Any CPU.ActiveCfg = Release|Any CPU
		{6E44CCD9-DF53-4302-A63D-7915C29E791A}.Release|Any CPU.Build.0 = Release|Any CPU
		{46B58CE0-7059-4FA7-9C72-47E312A3CDB2}.Debug|Any CPU.ActiveCfg = Debug|Any CPU
		{46B58CE0-7059-4FA7-9C72-47E312A3CDB2}.Debug|Any CPU.Build.0 = Debug|Any CPU
		{46B58CE0-7059-4FA7-9C72-47E312A3CDB2}.Release|Any CPU.ActiveCfg = Release|Any CPU
		{46B58CE0-7059-4FA7-9C72-47E312A3CDB2}.Release|Any CPU.Build.0 = Release|Any CPU
		{C5B7862F-CF88-4D66-B181-9117CA715FD8}.Debug|Any CPU.ActiveCfg = Debug|Any CPU
		{C5B7862F-CF88-4D66-B181-9117CA715FD8}.Debug|Any CPU.Build.0 = Debug|Any CPU
		{C5B7862F-CF88-4D66-B181-9117CA715FD8}.Release|Any CPU.ActiveCfg = Release|Any CPU
		{C5B7862F-CF88-4D66-B181-9117CA715FD8}.Release|Any CPU.Build.0 = Release|Any CPU
		{116C48B1-1C4F-4E7C-A46F-D15DCB9AA656}.Debug|Any CPU.ActiveCfg = Debug|Any CPU
		{116C48B1-1C4F-4E7C-A46F-D15DCB9AA656}.Debug|Any CPU.Build.0 = Debug|Any CPU
		{116C48B1-1C4F-4E7C-A46F-D15DCB9AA656}.Release|Any CPU.ActiveCfg = Release|Any CPU
		{116C48B1-1C4F-4E7C-A46F-D15DCB9AA656}.Release|Any CPU.Build.0 = Release|Any CPU
		{6B8F1CD1-F564-414A-8BB7-6AA4DAC738CC}.Debug|Any CPU.ActiveCfg = Debug|Any CPU
		{6B8F1CD1-F564-414A-8BB7-6AA4DAC738CC}.Debug|Any CPU.Build.0 = Debug|Any CPU
		{6B8F1CD1-F564-414A-8BB7-6AA4DAC738CC}.Release|Any CPU.ActiveCfg = Release|Any CPU
		{6B8F1CD1-F564-414A-8BB7-6AA4DAC738CC}.Release|Any CPU.Build.0 = Release|Any CPU
		{F0345D9A-9F30-4BA7-ACCF-7BC5ADC169E3}.Debug|Any CPU.ActiveCfg = Debug|Any CPU
		{F0345D9A-9F30-4BA7-ACCF-7BC5ADC169E3}.Debug|Any CPU.Build.0 = Debug|Any CPU
		{F0345D9A-9F30-4BA7-ACCF-7BC5ADC169E3}.Release|Any CPU.ActiveCfg = Release|Any CPU
		{F0345D9A-9F30-4BA7-ACCF-7BC5ADC169E3}.Release|Any CPU.Build.0 = Release|Any CPU
		{1B5085CA-B3E1-4371-8378-0513AF8E0786}.Debug|Any CPU.ActiveCfg = Debug|Any CPU
		{1B5085CA-B3E1-4371-8378-0513AF8E0786}.Debug|Any CPU.Build.0 = Debug|Any CPU
		{1B5085CA-B3E1-4371-8378-0513AF8E0786}.Release|Any CPU.ActiveCfg = Release|Any CPU
		{1B5085CA-B3E1-4371-8378-0513AF8E0786}.Release|Any CPU.Build.0 = Release|Any CPU
		{A6522C4B-4C04-42DC-AB62-5118F570CBBE}.Debug|Any CPU.ActiveCfg = Debug|Any CPU
		{A6522C4B-4C04-42DC-AB62-5118F570CBBE}.Debug|Any CPU.Build.0 = Debug|Any CPU
		{A6522C4B-4C04-42DC-AB62-5118F570CBBE}.Release|Any CPU.ActiveCfg = Release|Any CPU
		{A6522C4B-4C04-42DC-AB62-5118F570CBBE}.Release|Any CPU.Build.0 = Release|Any CPU
		{51D9501D-2D99-4659-8910-77E4C6A9167E}.Debug|Any CPU.ActiveCfg = Debug|Any CPU
		{51D9501D-2D99-4659-8910-77E4C6A9167E}.Debug|Any CPU.Build.0 = Debug|Any CPU
		{51D9501D-2D99-4659-8910-77E4C6A9167E}.Release|Any CPU.ActiveCfg = Release|Any CPU
		{51D9501D-2D99-4659-8910-77E4C6A9167E}.Release|Any CPU.Build.0 = Release|Any CPU
		{1FEA0571-6941-4219-9D79-90725D068762}.Debug|Any CPU.ActiveCfg = Debug|Any CPU
		{1FEA0571-6941-4219-9D79-90725D068762}.Debug|Any CPU.Build.0 = Debug|Any CPU
		{1FEA0571-6941-4219-9D79-90725D068762}.Release|Any CPU.ActiveCfg = Release|Any CPU
		{1FEA0571-6941-4219-9D79-90725D068762}.Release|Any CPU.Build.0 = Release|Any CPU
		{6D42543C-7ECB-40F7-B942-DFF4F53449DE}.Debug|Any CPU.ActiveCfg = Debug|Any CPU
		{6D42543C-7ECB-40F7-B942-DFF4F53449DE}.Debug|Any CPU.Build.0 = Debug|Any CPU
		{6D42543C-7ECB-40F7-B942-DFF4F53449DE}.Release|Any CPU.ActiveCfg = Release|Any CPU
		{6D42543C-7ECB-40F7-B942-DFF4F53449DE}.Release|Any CPU.Build.0 = Release|Any CPU
		{168EF05C-AE86-4DA5-A299-7D2B9801DA06}.Debug|Any CPU.ActiveCfg = Debug|Any CPU
		{168EF05C-AE86-4DA5-A299-7D2B9801DA06}.Debug|Any CPU.Build.0 = Debug|Any CPU
		{168EF05C-AE86-4DA5-A299-7D2B9801DA06}.Release|Any CPU.ActiveCfg = Release|Any CPU
		{168EF05C-AE86-4DA5-A299-7D2B9801DA06}.Release|Any CPU.Build.0 = Release|Any CPU
		{0B37CC14-C79E-4CFB-9A27-24773DEFB675}.Debug|Any CPU.ActiveCfg = Debug|Any CPU
		{0B37CC14-C79E-4CFB-9A27-24773DEFB675}.Debug|Any CPU.Build.0 = Debug|Any CPU
		{0B37CC14-C79E-4CFB-9A27-24773DEFB675}.Release|Any CPU.ActiveCfg = Release|Any CPU
		{0B37CC14-C79E-4CFB-9A27-24773DEFB675}.Release|Any CPU.Build.0 = Release|Any CPU
	EndGlobalSection
	GlobalSection(SolutionProperties) = preSolution
		HideSolutionNode = FALSE
	EndGlobalSection
	GlobalSection(NestedProjects) = preSolution
		{8883DC49-0B58-4F03-83D0-7586D9596E76} = {1EDFAC1E-BB8E-4AD1-8EAA-4814CC3A1A72}
		{1E734764-F762-4BD7-9508-363CE2560173} = {1EDFAC1E-BB8E-4AD1-8EAA-4814CC3A1A72}
		{7682C70A-C317-42D8-9F64-8596DD91DAD6} = {1EDFAC1E-BB8E-4AD1-8EAA-4814CC3A1A72}
		{6E44CCD9-DF53-4302-A63D-7915C29E791A} = {1EDFAC1E-BB8E-4AD1-8EAA-4814CC3A1A72}
		{46B58CE0-7059-4FA7-9C72-47E312A3CDB2} = {1EDFAC1E-BB8E-4AD1-8EAA-4814CC3A1A72}
		{116C48B1-1C4F-4E7C-A46F-D15DCB9AA656} = {1EDFAC1E-BB8E-4AD1-8EAA-4814CC3A1A72}
		{6B8F1CD1-F564-414A-8BB7-6AA4DAC738CC} = {1EDFAC1E-BB8E-4AD1-8EAA-4814CC3A1A72}
		{F0345D9A-9F30-4BA7-ACCF-7BC5ADC169E3} = {1EDFAC1E-BB8E-4AD1-8EAA-4814CC3A1A72}
		{1B5085CA-B3E1-4371-8378-0513AF8E0786} = {8DDB29EC-8CEC-4E05-8953-315C557C8878}
		{A6522C4B-4C04-42DC-AB62-5118F570CBBE} = {8DDB29EC-8CEC-4E05-8953-315C557C8878}
		{51D9501D-2D99-4659-8910-77E4C6A9167E} = {8DDB29EC-8CEC-4E05-8953-315C557C8878}
		{1FEA0571-6941-4219-9D79-90725D068762} = {8DDB29EC-8CEC-4E05-8953-315C557C8878}
		{6D42543C-7ECB-40F7-B942-DFF4F53449DE} = {8DDB29EC-8CEC-4E05-8953-315C557C8878}
		{168EF05C-AE86-4DA5-A299-7D2B9801DA06} = {8DDB29EC-8CEC-4E05-8953-315C557C8878}
		{0B37CC14-C79E-4CFB-9A27-24773DEFB675} = {8DDB29EC-8CEC-4E05-8953-315C557C8878}
	EndGlobalSection
	GlobalSection(ExtensibilityGlobals) = postSolution
		SolutionGuid = {3C8DE89E-AC0F-4231-96BD-28FF9631744F}
	EndGlobalSection
EndGlobal
