
Microsoft Visual Studio Solution File, Format Version 12.00
# Visual Studio Version 16
VisualStudioVersion = 16.0.31624.102
MinimumVisualStudioVersion = 10.0.40219.1
Project("{2150E333-8FDC-42A3-9474-1A3956D46DE8}") = "Lecture", "Lecture", "{B327ECC5-A96D-44DD-BC00-90264F3CCA2A}"
EndProject
Project("{9A19103F-16F7-4668-BE54-9A1E7A4F7556}") = "Test1", "Test1\Test1.csproj", "{A22995EF-726B-4BB4-BF56-7E25B4D1D9FD}"
EndProject
Project("{9A19103F-16F7-4668-BE54-9A1E7A4F7556}") = "1.Excellent Result", "1.Excellent Result\1.Excellent Result.csproj", "{FF0B27FB-FF37-45EC-B751-B833E72E9EE1}"
EndProject
Project("{9A19103F-16F7-4668-BE54-9A1E7A4F7556}") = "2.Greater Number", "2.Greater Number\2.Greater Number.csproj", "{1FD029C3-B63D-454A-8465-B6320F97D792}"
EndProject
Project("{9A19103F-16F7-4668-BE54-9A1E7A4F7556}") = "3.Even or Odd", "3.Even or Odd\3.Even or Odd.csproj", "{C8F15A82-E544-426C-B612-05748E5D6D2B}"
EndProject
Project("{9A19103F-16F7-4668-BE54-9A1E7A4F7556}") = "4.Password Guess", "4.Password Guess\4.Password Guess.csproj", "{54945D22-1585-4FE3-A83A-BD4F3233E38F}"
EndProject
Project("{9A19103F-16F7-4668-BE54-9A1E7A4F7556}") = "5.Number 100-200", "5.Number 100-200\5.Number 100-200.csproj", "{472BEC99-25AA-43F1-AC8C-FF82F7B60CD0}"
EndProject
Project("{9A19103F-16F7-4668-BE54-9A1E7A4F7556}") = "6. Speed Info", "6. Speed Info\6. Speed Info.csproj", "{CF79F78F-38DF-4D7C-8EAC-06CE7A348AD2}"
EndProject
Project("{9A19103F-16F7-4668-BE54-9A1E7A4F7556}") = "7.Area of Figures", "7.Area of Figures\7.Area of Figures.csproj", "{ECDF59FB-2C4A-4D0D-A64A-C3AFD3DA5020}"
EndProject
Project("{9A19103F-16F7-4668-BE54-9A1E7A4F7556}") = "7.AreaofFiguresV2", "7.AreaofFiguresV2\7.AreaofFiguresV2.csproj", "{B0AFF99D-FFB9-4D43-8954-3B9DF31F86A0}"
EndProject
Project("{2150E333-8FDC-42A3-9474-1A3956D46DE8}") = "Excercise", "Excercise", "{D6B85D2E-3D88-4B40-9EAF-8083B49C454F}"
EndProject
Project("{9A19103F-16F7-4668-BE54-9A1E7A4F7556}") = "1. Sum Seconds", "1. Sum Seconds\1. Sum Seconds.csproj", "{85AB8EB1-643E-4F9A-9CE0-9A54A4212F5C}"
EndProject
Project("{9A19103F-16F7-4668-BE54-9A1E7A4F7556}") = "2. Bonus Score", "2. Bonus Score\2. Bonus Score.csproj", "{194F501D-4184-45C7-9B35-F971D9D47B25}"
EndProject
Project("{9A19103F-16F7-4668-BE54-9A1E7A4F7556}") = "3.Time+15 Minutes", "3.Time+15 Minutes\3.Time+15 Minutes.csproj", "{F3976DAF-F024-4D85-9226-031A2562255F}"
EndProject
Project("{9A19103F-16F7-4668-BE54-9A1E7A4F7556}") = "4. Toy Shop", "4. Toy Shop\4. Toy Shop.csproj", "{BF3BB29F-085C-402D-9735-DDC96C776319}"
EndProject
Project("{9A19103F-16F7-4668-BE54-9A1E7A4F7556}") = "5.GodzillaVSKong", "5.GodzillaVSKong\5.GodzillaVSKong.csproj", "{D439CEE1-65D2-4C3D-B480-8EBAB7FAA94B}"
EndProject
Project("{9A19103F-16F7-4668-BE54-9A1E7A4F7556}") = "6.WorldSwimmingRec", "6.WorldSwimmingRec\6.WorldSwimmingRec.csproj", "{4C9027F5-D9A5-409C-BA4E-B3B8B2FFC9C3}"
EndProject
Project("{9A19103F-16F7-4668-BE54-9A1E7A4F7556}") = "Test1-2", "Test1-2\Test1-2.csproj", "{8EC863BB-C332-4A32-9B5A-E34F225F434C}"
EndProject
Project("{9A19103F-16F7-4668-BE54-9A1E7A4F7556}") = "7. Shopping", "7. Shopping\7. Shopping.csproj", "{E05878F5-D759-4B34-AF63-175589D85EA8}"
EndProject
Project("{9A19103F-16F7-4668-BE54-9A1E7A4F7556}") = "8. Lunch Break", "8. Lunch Break\8. Lunch Break.csproj", "{AA0F42EA-136C-4B1A-B9CB-ECCFE336685D}"
EndProject
Project("{2150E333-8FDC-42A3-9474-1A3956D46DE8}") = "PB More exams", "PB More exams", "{BF7FC1CF-6EA7-4B82-8307-D24F198D6992}"
EndProject
Project("{9A19103F-16F7-4668-BE54-9A1E7A4F7556}") = "1. Pipes In Pool", "1. Pipes In Pool\1. Pipes In Pool.csproj", "{AF1AF9F6-9B92-408A-930F-91B325856B7C}"
EndProject
Project("{9A19103F-16F7-4668-BE54-9A1E7A4F7556}") = "2. Sleepy Tom Cat", "2. Sleepy Tom Cat\2. Sleepy Tom Cat.csproj", "{71C0AD31-CC7E-448F-8957-011639C98FEE}"
EndProject
Project("{9A19103F-16F7-4668-BE54-9A1E7A4F7556}") = "3. Harvest", "3. Harvest\3. Harvest.csproj", "{4AD0E70D-F2A3-4E67-81D7-F045EF7DF286}"
EndProject
Project("{9A19103F-16F7-4668-BE54-9A1E7A4F7556}") = "4. Transport Price", "4. Transport Price\4. Transport Price.csproj", "{D42C6D89-2F02-4457-8467-56CD785B2D21}"
EndProject
Project("{FAE04EC0-301F-11D3-BF4B-00C04F79EFBC}") = "5. Firm", "5. Firm\5. Firm.csproj", "{15A9B052-BCD4-4339-9391-A741208C17FB}"
EndProject
Project("{FAE04EC0-301F-11D3-BF4B-00C04F79EFBC}") = "6. Pets", "6. Pets\6. Pets.csproj", "{C043903F-F201-4277-86CC-26E89101F983}"
EndProject
Project("{FAE04EC0-301F-11D3-BF4B-00C04F79EFBC}") = "7. Flower Shop", "7. Flower Shop\7. Flower Shop.csproj", "{F2D4C3E6-2632-4F68-B58B-984C11E7A34D}"
EndProject
Project("{FAE04EC0-301F-11D3-BF4B-00C04F79EFBC}") = "8. Fuel Tank", "8. Fuel Tank\8. Fuel Tank.csproj", "{8EF424CC-0CA3-48AD-AE75-2650079D16CE}"
EndProject
Project("{FAE04EC0-301F-11D3-BF4B-00C04F79EFBC}") = "8.FuelTankPart 2", "8.FuelTankPart 2\8.FuelTankPart 2.csproj", "{5A1B2FE1-5B47-4469-828B-8C92BD6E4D63}"
EndProject
Global
	GlobalSection(SolutionConfigurationPlatforms) = preSolution
		Debug|Any CPU = Debug|Any CPU
		Release|Any CPU = Release|Any CPU
	EndGlobalSection
	GlobalSection(ProjectConfigurationPlatforms) = postSolution
		{A22995EF-726B-4BB4-BF56-7E25B4D1D9FD}.Debug|Any CPU.ActiveCfg = Debug|Any CPU
		{A22995EF-726B-4BB4-BF56-7E25B4D1D9FD}.Debug|Any CPU.Build.0 = Debug|Any CPU
		{A22995EF-726B-4BB4-BF56-7E25B4D1D9FD}.Release|Any CPU.ActiveCfg = Release|Any CPU
		{A22995EF-726B-4BB4-BF56-7E25B4D1D9FD}.Release|Any CPU.Build.0 = Release|Any CPU
		{FF0B27FB-FF37-45EC-B751-B833E72E9EE1}.Debug|Any CPU.ActiveCfg = Debug|Any CPU
		{FF0B27FB-FF37-45EC-B751-B833E72E9EE1}.Debug|Any CPU.Build.0 = Debug|Any CPU
		{FF0B27FB-FF37-45EC-B751-B833E72E9EE1}.Release|Any CPU.ActiveCfg = Release|Any CPU
		{FF0B27FB-FF37-45EC-B751-B833E72E9EE1}.Release|Any CPU.Build.0 = Release|Any CPU
		{1FD029C3-B63D-454A-8465-B6320F97D792}.Debug|Any CPU.ActiveCfg = Debug|Any CPU
		{1FD029C3-B63D-454A-8465-B6320F97D792}.Debug|Any CPU.Build.0 = Debug|Any CPU
		{1FD029C3-B63D-454A-8465-B6320F97D792}.Release|Any CPU.ActiveCfg = Release|Any CPU
		{1FD029C3-B63D-454A-8465-B6320F97D792}.Release|Any CPU.Build.0 = Release|Any CPU
		{C8F15A82-E544-426C-B612-05748E5D6D2B}.Debug|Any CPU.ActiveCfg = Debug|Any CPU
		{C8F15A82-E544-426C-B612-05748E5D6D2B}.Debug|Any CPU.Build.0 = Debug|Any CPU
		{C8F15A82-E544-426C-B612-05748E5D6D2B}.Release|Any CPU.ActiveCfg = Release|Any CPU
		{C8F15A82-E544-426C-B612-05748E5D6D2B}.Release|Any CPU.Build.0 = Release|Any CPU
		{54945D22-1585-4FE3-A83A-BD4F3233E38F}.Debug|Any CPU.ActiveCfg = Debug|Any CPU
		{54945D22-1585-4FE3-A83A-BD4F3233E38F}.Debug|Any CPU.Build.0 = Debug|Any CPU
		{54945D22-1585-4FE3-A83A-BD4F3233E38F}.Release|Any CPU.ActiveCfg = Release|Any CPU
		{54945D22-1585-4FE3-A83A-BD4F3233E38F}.Release|Any CPU.Build.0 = Release|Any CPU
		{472BEC99-25AA-43F1-AC8C-FF82F7B60CD0}.Debug|Any CPU.ActiveCfg = Debug|Any CPU
		{472BEC99-25AA-43F1-AC8C-FF82F7B60CD0}.Debug|Any CPU.Build.0 = Debug|Any CPU
		{472BEC99-25AA-43F1-AC8C-FF82F7B60CD0}.Release|Any CPU.ActiveCfg = Release|Any CPU
		{472BEC99-25AA-43F1-AC8C-FF82F7B60CD0}.Release|Any CPU.Build.0 = Release|Any CPU
		{CF79F78F-38DF-4D7C-8EAC-06CE7A348AD2}.Debug|Any CPU.ActiveCfg = Debug|Any CPU
		{CF79F78F-38DF-4D7C-8EAC-06CE7A348AD2}.Debug|Any CPU.Build.0 = Debug|Any CPU
		{CF79F78F-38DF-4D7C-8EAC-06CE7A348AD2}.Release|Any CPU.ActiveCfg = Release|Any CPU
		{CF79F78F-38DF-4D7C-8EAC-06CE7A348AD2}.Release|Any CPU.Build.0 = Release|Any CPU
		{ECDF59FB-2C4A-4D0D-A64A-C3AFD3DA5020}.Debug|Any CPU.ActiveCfg = Debug|Any CPU
		{ECDF59FB-2C4A-4D0D-A64A-C3AFD3DA5020}.Debug|Any CPU.Build.0 = Debug|Any CPU
		{ECDF59FB-2C4A-4D0D-A64A-C3AFD3DA5020}.Release|Any CPU.ActiveCfg = Release|Any CPU
		{ECDF59FB-2C4A-4D0D-A64A-C3AFD3DA5020}.Release|Any CPU.Build.0 = Release|Any CPU
		{B0AFF99D-FFB9-4D43-8954-3B9DF31F86A0}.Debug|Any CPU.ActiveCfg = Debug|Any CPU
		{B0AFF99D-FFB9-4D43-8954-3B9DF31F86A0}.Debug|Any CPU.Build.0 = Debug|Any CPU
		{B0AFF99D-FFB9-4D43-8954-3B9DF31F86A0}.Release|Any CPU.ActiveCfg = Release|Any CPU
		{B0AFF99D-FFB9-4D43-8954-3B9DF31F86A0}.Release|Any CPU.Build.0 = Release|Any CPU
		{85AB8EB1-643E-4F9A-9CE0-9A54A4212F5C}.Debug|Any CPU.ActiveCfg = Debug|Any CPU
		{85AB8EB1-643E-4F9A-9CE0-9A54A4212F5C}.Debug|Any CPU.Build.0 = Debug|Any CPU
		{85AB8EB1-643E-4F9A-9CE0-9A54A4212F5C}.Release|Any CPU.ActiveCfg = Release|Any CPU
		{85AB8EB1-643E-4F9A-9CE0-9A54A4212F5C}.Release|Any CPU.Build.0 = Release|Any CPU
		{194F501D-4184-45C7-9B35-F971D9D47B25}.Debug|Any CPU.ActiveCfg = Debug|Any CPU
		{194F501D-4184-45C7-9B35-F971D9D47B25}.Debug|Any CPU.Build.0 = Debug|Any CPU
		{194F501D-4184-45C7-9B35-F971D9D47B25}.Release|Any CPU.ActiveCfg = Release|Any CPU
		{194F501D-4184-45C7-9B35-F971D9D47B25}.Release|Any CPU.Build.0 = Release|Any CPU
		{F3976DAF-F024-4D85-9226-031A2562255F}.Debug|Any CPU.ActiveCfg = Debug|Any CPU
		{F3976DAF-F024-4D85-9226-031A2562255F}.Debug|Any CPU.Build.0 = Debug|Any CPU
		{F3976DAF-F024-4D85-9226-031A2562255F}.Release|Any CPU.ActiveCfg = Release|Any CPU
		{F3976DAF-F024-4D85-9226-031A2562255F}.Release|Any CPU.Build.0 = Release|Any CPU
		{BF3BB29F-085C-402D-9735-DDC96C776319}.Debug|Any CPU.ActiveCfg = Debug|Any CPU
		{BF3BB29F-085C-402D-9735-DDC96C776319}.Debug|Any CPU.Build.0 = Debug|Any CPU
		{BF3BB29F-085C-402D-9735-DDC96C776319}.Release|Any CPU.ActiveCfg = Release|Any CPU
		{BF3BB29F-085C-402D-9735-DDC96C776319}.Release|Any CPU.Build.0 = Release|Any CPU
		{D439CEE1-65D2-4C3D-B480-8EBAB7FAA94B}.Debug|Any CPU.ActiveCfg = Debug|Any CPU
		{D439CEE1-65D2-4C3D-B480-8EBAB7FAA94B}.Debug|Any CPU.Build.0 = Debug|Any CPU
		{D439CEE1-65D2-4C3D-B480-8EBAB7FAA94B}.Release|Any CPU.ActiveCfg = Release|Any CPU
		{D439CEE1-65D2-4C3D-B480-8EBAB7FAA94B}.Release|Any CPU.Build.0 = Release|Any CPU
		{4C9027F5-D9A5-409C-BA4E-B3B8B2FFC9C3}.Debug|Any CPU.ActiveCfg = Debug|Any CPU
		{4C9027F5-D9A5-409C-BA4E-B3B8B2FFC9C3}.Debug|Any CPU.Build.0 = Debug|Any CPU
		{4C9027F5-D9A5-409C-BA4E-B3B8B2FFC9C3}.Release|Any CPU.ActiveCfg = Release|Any CPU
		{4C9027F5-D9A5-409C-BA4E-B3B8B2FFC9C3}.Release|Any CPU.Build.0 = Release|Any CPU
		{8EC863BB-C332-4A32-9B5A-E34F225F434C}.Debug|Any CPU.ActiveCfg = Debug|Any CPU
		{8EC863BB-C332-4A32-9B5A-E34F225F434C}.Debug|Any CPU.Build.0 = Debug|Any CPU
		{8EC863BB-C332-4A32-9B5A-E34F225F434C}.Release|Any CPU.ActiveCfg = Release|Any CPU
		{8EC863BB-C332-4A32-9B5A-E34F225F434C}.Release|Any CPU.Build.0 = Release|Any CPU
		{E05878F5-D759-4B34-AF63-175589D85EA8}.Debug|Any CPU.ActiveCfg = Debug|Any CPU
		{E05878F5-D759-4B34-AF63-175589D85EA8}.Debug|Any CPU.Build.0 = Debug|Any CPU
		{E05878F5-D759-4B34-AF63-175589D85EA8}.Release|Any CPU.ActiveCfg = Release|Any CPU
		{E05878F5-D759-4B34-AF63-175589D85EA8}.Release|Any CPU.Build.0 = Release|Any CPU
		{AA0F42EA-136C-4B1A-B9CB-ECCFE336685D}.Debug|Any CPU.ActiveCfg = Debug|Any CPU
		{AA0F42EA-136C-4B1A-B9CB-ECCFE336685D}.Debug|Any CPU.Build.0 = Debug|Any CPU
		{AA0F42EA-136C-4B1A-B9CB-ECCFE336685D}.Release|Any CPU.ActiveCfg = Release|Any CPU
		{AA0F42EA-136C-4B1A-B9CB-ECCFE336685D}.Release|Any CPU.Build.0 = Release|Any CPU
		{AF1AF9F6-9B92-408A-930F-91B325856B7C}.Debug|Any CPU.ActiveCfg = Debug|Any CPU
		{AF1AF9F6-9B92-408A-930F-91B325856B7C}.Debug|Any CPU.Build.0 = Debug|Any CPU
		{AF1AF9F6-9B92-408A-930F-91B325856B7C}.Release|Any CPU.ActiveCfg = Release|Any CPU
		{AF1AF9F6-9B92-408A-930F-91B325856B7C}.Release|Any CPU.Build.0 = Release|Any CPU
		{71C0AD31-CC7E-448F-8957-011639C98FEE}.Debug|Any CPU.ActiveCfg = Debug|Any CPU
		{71C0AD31-CC7E-448F-8957-011639C98FEE}.Debug|Any CPU.Build.0 = Debug|Any CPU
		{71C0AD31-CC7E-448F-8957-011639C98FEE}.Release|Any CPU.ActiveCfg = Release|Any CPU
		{71C0AD31-CC7E-448F-8957-011639C98FEE}.Release|Any CPU.Build.0 = Release|Any CPU
		{4AD0E70D-F2A3-4E67-81D7-F045EF7DF286}.Debug|Any CPU.ActiveCfg = Debug|Any CPU
		{4AD0E70D-F2A3-4E67-81D7-F045EF7DF286}.Debug|Any CPU.Build.0 = Debug|Any CPU
		{4AD0E70D-F2A3-4E67-81D7-F045EF7DF286}.Release|Any CPU.ActiveCfg = Release|Any CPU
		{4AD0E70D-F2A3-4E67-81D7-F045EF7DF286}.Release|Any CPU.Build.0 = Release|Any CPU
		{D42C6D89-2F02-4457-8467-56CD785B2D21}.Debug|Any CPU.ActiveCfg = Debug|Any CPU
		{D42C6D89-2F02-4457-8467-56CD785B2D21}.Debug|Any CPU.Build.0 = Debug|Any CPU
		{D42C6D89-2F02-4457-8467-56CD785B2D21}.Release|Any CPU.ActiveCfg = Release|Any CPU
		{D42C6D89-2F02-4457-8467-56CD785B2D21}.Release|Any CPU.Build.0 = Release|Any CPU
		{15A9B052-BCD4-4339-9391-A741208C17FB}.Debug|Any CPU.ActiveCfg = Debug|Any CPU
		{15A9B052-BCD4-4339-9391-A741208C17FB}.Debug|Any CPU.Build.0 = Debug|Any CPU
		{15A9B052-BCD4-4339-9391-A741208C17FB}.Release|Any CPU.ActiveCfg = Release|Any CPU
		{15A9B052-BCD4-4339-9391-A741208C17FB}.Release|Any CPU.Build.0 = Release|Any CPU
		{C043903F-F201-4277-86CC-26E89101F983}.Debug|Any CPU.ActiveCfg = Debug|Any CPU
		{C043903F-F201-4277-86CC-26E89101F983}.Debug|Any CPU.Build.0 = Debug|Any CPU
		{C043903F-F201-4277-86CC-26E89101F983}.Release|Any CPU.ActiveCfg = Release|Any CPU
		{C043903F-F201-4277-86CC-26E89101F983}.Release|Any CPU.Build.0 = Release|Any CPU
		{F2D4C3E6-2632-4F68-B58B-984C11E7A34D}.Debug|Any CPU.ActiveCfg = Debug|Any CPU
		{F2D4C3E6-2632-4F68-B58B-984C11E7A34D}.Debug|Any CPU.Build.0 = Debug|Any CPU
		{F2D4C3E6-2632-4F68-B58B-984C11E7A34D}.Release|Any CPU.ActiveCfg = Release|Any CPU
		{F2D4C3E6-2632-4F68-B58B-984C11E7A34D}.Release|Any CPU.Build.0 = Release|Any CPU
		{8EF424CC-0CA3-48AD-AE75-2650079D16CE}.Debug|Any CPU.ActiveCfg = Debug|Any CPU
		{8EF424CC-0CA3-48AD-AE75-2650079D16CE}.Debug|Any CPU.Build.0 = Debug|Any CPU
		{8EF424CC-0CA3-48AD-AE75-2650079D16CE}.Release|Any CPU.ActiveCfg = Release|Any CPU
		{8EF424CC-0CA3-48AD-AE75-2650079D16CE}.Release|Any CPU.Build.0 = Release|Any CPU
		{5A1B2FE1-5B47-4469-828B-8C92BD6E4D63}.Debug|Any CPU.ActiveCfg = Debug|Any CPU
		{5A1B2FE1-5B47-4469-828B-8C92BD6E4D63}.Debug|Any CPU.Build.0 = Debug|Any CPU
		{5A1B2FE1-5B47-4469-828B-8C92BD6E4D63}.Release|Any CPU.ActiveCfg = Release|Any CPU
		{5A1B2FE1-5B47-4469-828B-8C92BD6E4D63}.Release|Any CPU.Build.0 = Release|Any CPU
	EndGlobalSection
	GlobalSection(SolutionProperties) = preSolution
		HideSolutionNode = FALSE
	EndGlobalSection
	GlobalSection(NestedProjects) = preSolution
		{FF0B27FB-FF37-45EC-B751-B833E72E9EE1} = {B327ECC5-A96D-44DD-BC00-90264F3CCA2A}
		{1FD029C3-B63D-454A-8465-B6320F97D792} = {B327ECC5-A96D-44DD-BC00-90264F3CCA2A}
		{C8F15A82-E544-426C-B612-05748E5D6D2B} = {B327ECC5-A96D-44DD-BC00-90264F3CCA2A}
		{54945D22-1585-4FE3-A83A-BD4F3233E38F} = {B327ECC5-A96D-44DD-BC00-90264F3CCA2A}
		{472BEC99-25AA-43F1-AC8C-FF82F7B60CD0} = {B327ECC5-A96D-44DD-BC00-90264F3CCA2A}
		{CF79F78F-38DF-4D7C-8EAC-06CE7A348AD2} = {B327ECC5-A96D-44DD-BC00-90264F3CCA2A}
		{ECDF59FB-2C4A-4D0D-A64A-C3AFD3DA5020} = {B327ECC5-A96D-44DD-BC00-90264F3CCA2A}
		{B0AFF99D-FFB9-4D43-8954-3B9DF31F86A0} = {B327ECC5-A96D-44DD-BC00-90264F3CCA2A}
		{85AB8EB1-643E-4F9A-9CE0-9A54A4212F5C} = {D6B85D2E-3D88-4B40-9EAF-8083B49C454F}
		{194F501D-4184-45C7-9B35-F971D9D47B25} = {D6B85D2E-3D88-4B40-9EAF-8083B49C454F}
		{F3976DAF-F024-4D85-9226-031A2562255F} = {D6B85D2E-3D88-4B40-9EAF-8083B49C454F}
		{BF3BB29F-085C-402D-9735-DDC96C776319} = {D6B85D2E-3D88-4B40-9EAF-8083B49C454F}
		{D439CEE1-65D2-4C3D-B480-8EBAB7FAA94B} = {D6B85D2E-3D88-4B40-9EAF-8083B49C454F}
		{4C9027F5-D9A5-409C-BA4E-B3B8B2FFC9C3} = {D6B85D2E-3D88-4B40-9EAF-8083B49C454F}
		{E05878F5-D759-4B34-AF63-175589D85EA8} = {D6B85D2E-3D88-4B40-9EAF-8083B49C454F}
		{AA0F42EA-136C-4B1A-B9CB-ECCFE336685D} = {D6B85D2E-3D88-4B40-9EAF-8083B49C454F}
		{AF1AF9F6-9B92-408A-930F-91B325856B7C} = {BF7FC1CF-6EA7-4B82-8307-D24F198D6992}
		{71C0AD31-CC7E-448F-8957-011639C98FEE} = {BF7FC1CF-6EA7-4B82-8307-D24F198D6992}
		{4AD0E70D-F2A3-4E67-81D7-F045EF7DF286} = {BF7FC1CF-6EA7-4B82-8307-D24F198D6992}
		{D42C6D89-2F02-4457-8467-56CD785B2D21} = {BF7FC1CF-6EA7-4B82-8307-D24F198D6992}
		{15A9B052-BCD4-4339-9391-A741208C17FB} = {BF7FC1CF-6EA7-4B82-8307-D24F198D6992}
		{C043903F-F201-4277-86CC-26E89101F983} = {BF7FC1CF-6EA7-4B82-8307-D24F198D6992}
		{F2D4C3E6-2632-4F68-B58B-984C11E7A34D} = {BF7FC1CF-6EA7-4B82-8307-D24F198D6992}
		{8EF424CC-0CA3-48AD-AE75-2650079D16CE} = {BF7FC1CF-6EA7-4B82-8307-D24F198D6992}
		{5A1B2FE1-5B47-4469-828B-8C92BD6E4D63} = {BF7FC1CF-6EA7-4B82-8307-D24F198D6992}
	EndGlobalSection
	GlobalSection(ExtensibilityGlobals) = postSolution
		SolutionGuid = {395D49EB-9A9E-4B6E-8625-C4EACE19F505}
	EndGlobalSection
EndGlobal
